// !$*UTF8*$!
{
	archiveVersion = 1;
	classes = {
	};
	objectVersion = 56;
	objects = {

/* Begin PBXBuildFile section */
		4F4F03FB2B99890D003B88DF /* AppDelegate.swift in Sources */ = {isa = PBXBuildFile; fileRef = 4F4F03FA2B99890D003B88DF /* AppDelegate.swift */; };
		4F4F03FD2B99890D003B88DF /* SceneDelegate.swift in Sources */ = {isa = PBXBuildFile; fileRef = 4F4F03FC2B99890D003B88DF /* SceneDelegate.swift */; };
		4F4F04042B99890F003B88DF /* Assets.xcassets in Resources */ = {isa = PBXBuildFile; fileRef = 4F4F04032B99890F003B88DF /* Assets.xcassets */; };
		4F4F04072B99890F003B88DF /* LaunchScreen.storyboard in Resources */ = {isa = PBXBuildFile; fileRef = 4F4F04052B99890F003B88DF /* LaunchScreen.storyboard */; };
		4F6EFDF22BA2BA03007B14EC /* SnapKit in Frameworks */ = {isa = PBXBuildFile; productRef = 4F6EFDF12BA2BA03007B14EC /* SnapKit */; };
		4F6EFDF52BA2BAD2007B14EC /* Realm in Frameworks */ = {isa = PBXBuildFile; productRef = 4F6EFDF42BA2BAD2007B14EC /* Realm */; };
		4F6EFDF72BA2BAD2007B14EC /* RealmSwift in Frameworks */ = {isa = PBXBuildFile; productRef = 4F6EFDF62BA2BAD2007B14EC /* RealmSwift */; };
		4F6EFDFA2BA2BBC0007B14EC /* Tabman in Frameworks */ = {isa = PBXBuildFile; productRef = 4F6EFDF92BA2BBC0007B14EC /* Tabman */; };
		4FC4EC472BA0130D004AD6E6 /* VisionKitViewController.swift in Sources */ = {isa = PBXBuildFile; fileRef = 4FC4EC462BA0130D004AD6E6 /* VisionKitViewController.swift */; };
/* End PBXBuildFile section */

/* Begin PBXFileReference section */
		4F4F03F72B99890D003B88DF /* LanguageExpress.app */ = {isa = PBXFileReference; explicitFileType = wrapper.application; includeInIndex = 0; path = LanguageExpress.app; sourceTree = BUILT_PRODUCTS_DIR; };
		4F4F03FA2B99890D003B88DF /* AppDelegate.swift */ = {isa = PBXFileReference; lastKnownFileType = sourcecode.swift; path = AppDelegate.swift; sourceTree = "<group>"; };
		4F4F03FC2B99890D003B88DF /* SceneDelegate.swift */ = {isa = PBXFileReference; lastKnownFileType = sourcecode.swift; path = SceneDelegate.swift; sourceTree = "<group>"; };
		4F4F04032B99890F003B88DF /* Assets.xcassets */ = {isa = PBXFileReference; lastKnownFileType = folder.assetcatalog; path = Assets.xcassets; sourceTree = "<group>"; };
		4F4F04062B99890F003B88DF /* Base */ = {isa = PBXFileReference; lastKnownFileType = file.storyboard; name = Base; path = Base.lproj/LaunchScreen.storyboard; sourceTree = "<group>"; };
		4F4F04082B99890F003B88DF /* Info.plist */ = {isa = PBXFileReference; lastKnownFileType = text.plist.xml; path = Info.plist; sourceTree = "<group>"; };
		4FC4EC462BA0130D004AD6E6 /* VisionKitViewController.swift */ = {isa = PBXFileReference; lastKnownFileType = sourcecode.swift; path = VisionKitViewController.swift; sourceTree = "<group>"; };
/* End PBXFileReference section */

/* Begin PBXFrameworksBuildPhase section */
		4F4F03F42B99890D003B88DF /* Frameworks */ = {
			isa = PBXFrameworksBuildPhase;
			buildActionMask = 2147483647;
			files = (
				4F6EFDF72BA2BAD2007B14EC /* RealmSwift in Frameworks */,
				4F6EFDFA2BA2BBC0007B14EC /* Tabman in Frameworks */,
				4F6EFDF52BA2BAD2007B14EC /* Realm in Frameworks */,
				4F6EFDF22BA2BA03007B14EC /* SnapKit in Frameworks */,
			);
			runOnlyForDeploymentPostprocessing = 0;
		};
/* End PBXFrameworksBuildPhase section */

/* Begin PBXGroup section */
		4F4F03EE2B99890D003B88DF = {
			isa = PBXGroup;
			children = (
				4F4F03F92B99890D003B88DF /* LanguageExpress */,
				4F4F03F82B99890D003B88DF /* Products */,
			);
			sourceTree = "<group>";
		};
		4F4F03F82B99890D003B88DF /* Products */ = {
			isa = PBXGroup;
			children = (
				4F4F03F72B99890D003B88DF /* LanguageExpress.app */,
			);
			name = Products;
			sourceTree = "<group>";
		};
		4F4F03F92B99890D003B88DF /* LanguageExpress */ = {
			isa = PBXGroup;
			children = (
				4FC4EC482BA01315004AD6E6 /* Test */,
				4F4F03FA2B99890D003B88DF /* AppDelegate.swift */,
				4F4F03FC2B99890D003B88DF /* SceneDelegate.swift */,
				4F4F04032B99890F003B88DF /* Assets.xcassets */,
				4F4F04052B99890F003B88DF /* LaunchScreen.storyboard */,
				4F4F04082B99890F003B88DF /* Info.plist */,
			);
			path = LanguageExpress;
			sourceTree = "<group>";
		};
		4FC4EC482BA01315004AD6E6 /* Test */ = {
			isa = PBXGroup;
			children = (
				4FC4EC462BA0130D004AD6E6 /* VisionKitViewController.swift */,
			);
			path = Test;
			sourceTree = "<group>";
		};
/* End PBXGroup section */

/* Begin PBXNativeTarget section */
		4F4F03F62B99890D003B88DF /* LanguageExpress */ = {
			isa = PBXNativeTarget;
			buildConfigurationList = 4F4F040B2B99890F003B88DF /* Build configuration list for PBXNativeTarget "LanguageExpress" */;
			buildPhases = (
				4F4F03F32B99890D003B88DF /* Sources */,
				4F4F03F42B99890D003B88DF /* Frameworks */,
				4F4F03F52B99890D003B88DF /* Resources */,
			);
			buildRules = (
			);
			dependencies = (
			);
			name = LanguageExpress;
			packageProductDependencies = (
				4F6EFDF12BA2BA03007B14EC /* SnapKit */,
				4F6EFDF42BA2BAD2007B14EC /* Realm */,
				4F6EFDF62BA2BAD2007B14EC /* RealmSwift */,
				4F6EFDF92BA2BBC0007B14EC /* Tabman */,
			);
			productName = LanguageExpress;
			productReference = 4F4F03F72B99890D003B88DF /* LanguageExpress.app */;
			productType = "com.apple.product-type.application";
		};
/* End PBXNativeTarget section */

/* Begin PBXProject section */
		4F4F03EF2B99890D003B88DF /* Project object */ = {
			isa = PBXProject;
			attributes = {
				BuildIndependentTargetsInParallel = 1;
				LastSwiftUpdateCheck = 1510;
				LastUpgradeCheck = 1510;
				TargetAttributes = {
					4F4F03F62B99890D003B88DF = {
						CreatedOnToolsVersion = 15.1;
					};
				};
			};
			buildConfigurationList = 4F4F03F22B99890D003B88DF /* Build configuration list for PBXProject "LanguageExpress" */;
			compatibilityVersion = "Xcode 14.0";
			developmentRegion = en;
			hasScannedForEncodings = 0;
			knownRegions = (
				en,
				Base,
			);
			mainGroup = 4F4F03EE2B99890D003B88DF;
			packageReferences = (
				4F6EFDF02BA2BA03007B14EC /* XCRemoteSwiftPackageReference "SnapKit" */,
				4F6EFDF32BA2BAD2007B14EC /* XCRemoteSwiftPackageReference "realm-swift" */,
				4F6EFDF82BA2BBC0007B14EC /* XCRemoteSwiftPackageReference "Tabman" */,
			);
			productRefGroup = 4F4F03F82B99890D003B88DF /* Products */;
			projectDirPath = "";
			projectRoot = "";
			targets = (
				4F4F03F62B99890D003B88DF /* LanguageExpress */,
			);
		};
/* End PBXProject section */

/* Begin PBXResourcesBuildPhase section */
		4F4F03F52B99890D003B88DF /* Resources */ = {
			isa = PBXResourcesBuildPhase;
			buildActionMask = 2147483647;
			files = (
				4F4F04072B99890F003B88DF /* LaunchScreen.storyboard in Resources */,
				4F4F04042B99890F003B88DF /* Assets.xcassets in Resources */,
			);
			runOnlyForDeploymentPostprocessing = 0;
		};
/* End PBXResourcesBuildPhase section */

/* Begin PBXSourcesBuildPhase section */
		4F4F03F32B99890D003B88DF /* Sources */ = {
			isa = PBXSourcesBuildPhase;
			buildActionMask = 2147483647;
			files = (
				4F4F03FB2B99890D003B88DF /* AppDelegate.swift in Sources */,
				4F4F03FD2B99890D003B88DF /* SceneDelegate.swift in Sources */,
				4FC4EC472BA0130D004AD6E6 /* VisionKitViewController.swift in Sources */,
			);
			runOnlyForDeploymentPostprocessing = 0;
		};
/* End PBXSourcesBuildPhase section */

/* Begin PBXVariantGroup section */
		4F4F04052B99890F003B88DF /* LaunchScreen.storyboard */ = {
			isa = PBXVariantGroup;
			children = (
				4F4F04062B99890F003B88DF /* Base */,
			);
			name = LaunchScreen.storyboard;
			sourceTree = "<group>";
		};
/* End PBXVariantGroup section */

/* Begin XCBuildConfiguration section */
		4F4F04092B99890F003B88DF /* Debug */ = {
			isa = XCBuildConfiguration;
			buildSettings = {
				ALWAYS_SEARCH_USER_PATHS = NO;
				ASSETCATALOG_COMPILER_GENERATE_SWIFT_ASSET_SYMBOL_EXTENSIONS = YES;
				CLANG_ANALYZER_NONNULL = YES;
				CLANG_ANALYZER_NUMBER_OBJECT_CONVERSION = YES_AGGRESSIVE;
				CLANG_CXX_LANGUAGE_STANDARD = "gnu++20";
				CLANG_ENABLE_MODULES = YES;
				CLANG_ENABLE_OBJC_ARC = YES;
				CLANG_ENABLE_OBJC_WEAK = YES;
				CLANG_WARN_BLOCK_CAPTURE_AUTORELEASING = YES;
				CLANG_WARN_BOOL_CONVERSION = YES;
				CLANG_WARN_COMMA = YES;
				CLANG_WARN_CONSTANT_CONVERSION = YES;
				CLANG_WARN_DEPRECATED_OBJC_IMPLEMENTATIONS = YES;
				CLANG_WARN_DIRECT_OBJC_ISA_USAGE = YES_ERROR;
				CLANG_WARN_DOCUMENTATION_COMMENTS = YES;
				CLANG_WARN_EMPTY_BODY = YES;
				CLANG_WARN_ENUM_CONVERSION = YES;
				CLANG_WARN_INFINITE_RECURSION = YES;
				CLANG_WARN_INT_CONVERSION = YES;
				CLANG_WARN_NON_LITERAL_NULL_CONVERSION = YES;
				CLANG_WARN_OBJC_IMPLICIT_RETAIN_SELF = YES;
				CLANG_WARN_OBJC_LITERAL_CONVERSION = YES;
				CLANG_WARN_OBJC_ROOT_CLASS = YES_ERROR;
				CLANG_WARN_QUOTED_INCLUDE_IN_FRAMEWORK_HEADER = YES;
				CLANG_WARN_RANGE_LOOP_ANALYSIS = YES;
				CLANG_WARN_STRICT_PROTOTYPES = YES;
				CLANG_WARN_SUSPICIOUS_MOVE = YES;
				CLANG_WARN_UNGUARDED_AVAILABILITY = YES_AGGRESSIVE;
				CLANG_WARN_UNREACHABLE_CODE = YES;
				CLANG_WARN__DUPLICATE_METHOD_MATCH = YES;
				COPY_PHASE_STRIP = NO;
				DEBUG_INFORMATION_FORMAT = dwarf;
				ENABLE_STRICT_OBJC_MSGSEND = YES;
				ENABLE_TESTABILITY = YES;
				ENABLE_USER_SCRIPT_SANDBOXING = YES;
				GCC_C_LANGUAGE_STANDARD = gnu17;
				GCC_DYNAMIC_NO_PIC = NO;
				GCC_NO_COMMON_BLOCKS = YES;
				GCC_OPTIMIZATION_LEVEL = 0;
				GCC_PREPROCESSOR_DEFINITIONS = (
					"DEBUG=1",
					"$(inherited)",
				);
				GCC_WARN_64_TO_32_BIT_CONVERSION = YES;
				GCC_WARN_ABOUT_RETURN_TYPE = YES_ERROR;
				GCC_WARN_UNDECLARED_SELECTOR = YES;
				GCC_WARN_UNINITIALIZED_AUTOS = YES_AGGRESSIVE;
				GCC_WARN_UNUSED_FUNCTION = YES;
				GCC_WARN_UNUSED_VARIABLE = YES;
				IPHONEOS_DEPLOYMENT_TARGET = 17.2;
				LOCALIZATION_PREFERS_STRING_CATALOGS = YES;
				MTL_ENABLE_DEBUG_INFO = INCLUDE_SOURCE;
				MTL_FAST_MATH = YES;
				ONLY_ACTIVE_ARCH = YES;
				SDKROOT = iphoneos;
				SWIFT_ACTIVE_COMPILATION_CONDITIONS = "DEBUG $(inherited)";
				SWIFT_OPTIMIZATION_LEVEL = "-Onone";
			};
			name = Debug;
		};
		4F4F040A2B99890F003B88DF /* Release */ = {
			isa = XCBuildConfiguration;
			buildSettings = {
				ALWAYS_SEARCH_USER_PATHS = NO;
				ASSETCATALOG_COMPILER_GENERATE_SWIFT_ASSET_SYMBOL_EXTENSIONS = YES;
				CLANG_ANALYZER_NONNULL = YES;
				CLANG_ANALYZER_NUMBER_OBJECT_CONVERSION = YES_AGGRESSIVE;
				CLANG_CXX_LANGUAGE_STANDARD = "gnu++20";
				CLANG_ENABLE_MODULES = YES;
				CLANG_ENABLE_OBJC_ARC = YES;
				CLANG_ENABLE_OBJC_WEAK = YES;
				CLANG_WARN_BLOCK_CAPTURE_AUTORELEASING = YES;
				CLANG_WARN_BOOL_CONVERSION = YES;
				CLANG_WARN_COMMA = YES;
				CLANG_WARN_CONSTANT_CONVERSION = YES;
				CLANG_WARN_DEPRECATED_OBJC_IMPLEMENTATIONS = YES;
				CLANG_WARN_DIRECT_OBJC_ISA_USAGE = YES_ERROR;
				CLANG_WARN_DOCUMENTATION_COMMENTS = YES;
				CLANG_WARN_EMPTY_BODY = YES;
				CLANG_WARN_ENUM_CONVERSION = YES;
				CLANG_WARN_INFINITE_RECURSION = YES;
				CLANG_WARN_INT_CONVERSION = YES;
				CLANG_WARN_NON_LITERAL_NULL_CONVERSION = YES;
				CLANG_WARN_OBJC_IMPLICIT_RETAIN_SELF = YES;
				CLANG_WARN_OBJC_LITERAL_CONVERSION = YES;
				CLANG_WARN_OBJC_ROOT_CLASS = YES_ERROR;
				CLANG_WARN_QUOTED_INCLUDE_IN_FRAMEWORK_HEADER = YES;
				CLANG_WARN_RANGE_LOOP_ANALYSIS = YES;
				CLANG_WARN_STRICT_PROTOTYPES = YES;
				CLANG_WARN_SUSPICIOUS_MOVE = YES;
				CLANG_WARN_UNGUARDED_AVAILABILITY = YES_AGGRESSIVE;
				CLANG_WARN_UNREACHABLE_CODE = YES;
				CLANG_WARN__DUPLICATE_METHOD_MATCH = YES;
				COPY_PHASE_STRIP = NO;
				DEBUG_INFORMATION_FORMAT = "dwarf-with-dsym";
				ENABLE_NS_ASSERTIONS = NO;
				ENABLE_STRICT_OBJC_MSGSEND = YES;
				ENABLE_USER_SCRIPT_SANDBOXING = YES;
				GCC_C_LANGUAGE_STANDARD = gnu17;
				GCC_NO_COMMON_BLOCKS = YES;
				GCC_WARN_64_TO_32_BIT_CONVERSION = YES;
				GCC_WARN_ABOUT_RETURN_TYPE = YES_ERROR;
				GCC_WARN_UNDECLARED_SELECTOR = YES;
				GCC_WARN_UNINITIALIZED_AUTOS = YES_AGGRESSIVE;
				GCC_WARN_UNUSED_FUNCTION = YES;
				GCC_WARN_UNUSED_VARIABLE = YES;
				IPHONEOS_DEPLOYMENT_TARGET = 17.2;
				LOCALIZATION_PREFERS_STRING_CATALOGS = YES;
				MTL_ENABLE_DEBUG_INFO = NO;
				MTL_FAST_MATH = YES;
				SDKROOT = iphoneos;
				SWIFT_COMPILATION_MODE = wholemodule;
				VALIDATE_PRODUCT = YES;
			};
			name = Release;
		};
		4F4F040C2B99890F003B88DF /* Debug */ = {
			isa = XCBuildConfiguration;
			buildSettings = {
				ASSETCATALOG_COMPILER_APPICON_NAME = AppIcon;
				ASSETCATALOG_COMPILER_GLOBAL_ACCENT_COLOR_NAME = AccentColor;
				CODE_SIGN_STYLE = Automatic;
				CURRENT_PROJECT_VERSION = 1;
				DEVELOPMENT_TEAM = HAA376DX53;
				GENERATE_INFOPLIST_FILE = YES;
				INFOPLIST_FILE = LanguageExpress/Info.plist;
				INFOPLIST_KEY_UIApplicationSupportsIndirectInputEvents = YES;
				INFOPLIST_KEY_UILaunchStoryboardName = LaunchScreen;
				INFOPLIST_KEY_UISupportedInterfaceOrientations_iPad = "UIInterfaceOrientationPortrait UIInterfaceOrientationPortraitUpsideDown UIInterfaceOrientationLandscapeLeft UIInterfaceOrientationLandscapeRight";
				INFOPLIST_KEY_UISupportedInterfaceOrientations_iPhone = "UIInterfaceOrientationPortrait UIInterfaceOrientationLandscapeLeft UIInterfaceOrientationLandscapeRight";
				IPHONEOS_DEPLOYMENT_TARGET = 15.0;
				LD_RUNPATH_SEARCH_PATHS = (
					"$(inherited)",
					"@executable_path/Frameworks",
				);
				MARKETING_VERSION = 1.0;
				PRODUCT_BUNDLE_IDENTIFIER = com.heegee.LanguageExpress;
				PRODUCT_NAME = "$(TARGET_NAME)";
				SUPPORTED_PLATFORMS = "iphoneos iphonesimulator";
				SUPPORTS_MACCATALYST = NO;
				SUPPORTS_MAC_DESIGNED_FOR_IPHONE_IPAD = NO;
				SWIFT_EMIT_LOC_STRINGS = YES;
				SWIFT_VERSION = 5.0;
				TARGETED_DEVICE_FAMILY = 1;
			};
			name = Debug;
		};
		4F4F040D2B99890F003B88DF /* Release */ = {
			isa = XCBuildConfiguration;
			buildSettings = {
				ASSETCATALOG_COMPILER_APPICON_NAME = AppIcon;
				ASSETCATALOG_COMPILER_GLOBAL_ACCENT_COLOR_NAME = AccentColor;
				CODE_SIGN_STYLE = Automatic;
				CURRENT_PROJECT_VERSION = 1;
				DEVELOPMENT_TEAM = HAA376DX53;
				GENERATE_INFOPLIST_FILE = YES;
				INFOPLIST_FILE = LanguageExpress/Info.plist;
				INFOPLIST_KEY_UIApplicationSupportsIndirectInputEvents = YES;
				INFOPLIST_KEY_UILaunchStoryboardName = LaunchScreen;
				INFOPLIST_KEY_UISupportedInterfaceOrientations_iPad = "UIInterfaceOrientationPortrait UIInterfaceOrientationPortraitUpsideDown UIInterfaceOrientationLandscapeLeft UIInterfaceOrientationLandscapeRight";
				INFOPLIST_KEY_UISupportedInterfaceOrientations_iPhone = "UIInterfaceOrientationPortrait UIInterfaceOrientationLandscapeLeft UIInterfaceOrientationLandscapeRight";
				IPHONEOS_DEPLOYMENT_TARGET = 15.0;
				LD_RUNPATH_SEARCH_PATHS = (
					"$(inherited)",
					"@executable_path/Frameworks",
				);
				MARKETING_VERSION = 1.0;
				PRODUCT_BUNDLE_IDENTIFIER = com.heegee.LanguageExpress;
				PRODUCT_NAME = "$(TARGET_NAME)";
				SUPPORTED_PLATFORMS = "iphoneos iphonesimulator";
				SUPPORTS_MACCATALYST = NO;
				SUPPORTS_MAC_DESIGNED_FOR_IPHONE_IPAD = NO;
				SWIFT_EMIT_LOC_STRINGS = YES;
				SWIFT_VERSION = 5.0;
				TARGETED_DEVICE_FAMILY = 1;
			};
			name = Release;
		};
/* End XCBuildConfiguration section */

/* Begin XCConfigurationList section */
		4F4F03F22B99890D003B88DF /* Build configuration list for PBXProject "LanguageExpress" */ = {
			isa = XCConfigurationList;
			buildConfigurations = (
				4F4F04092B99890F003B88DF /* Debug */,
				4F4F040A2B99890F003B88DF /* Release */,
			);
			defaultConfigurationIsVisible = 0;
			defaultConfigurationName = Release;
		};
		4F4F040B2B99890F003B88DF /* Build configuration list for PBXNativeTarget "LanguageExpress" */ = {
			isa = XCConfigurationList;
			buildConfigurations = (
				4F4F040C2B99890F003B88DF /* Debug */,
				4F4F040D2B99890F003B88DF /* Release */,
			);
			defaultConfigurationIsVisible = 0;
			defaultConfigurationName = Release;
		};
/* End XCConfigurationList section */

/* Begin XCRemoteSwiftPackageReference section */
		4F6EFDF02BA2BA03007B14EC /* XCRemoteSwiftPackageReference "SnapKit" */ = {
			isa = XCRemoteSwiftPackageReference;
			repositoryURL = "https://github.com/SnapKit/SnapKit.git";
			requirement = {
				kind = upToNextMajorVersion;
				minimumVersion = 5.7.1;
			};
		};
		4F6EFDF32BA2BAD2007B14EC /* XCRemoteSwiftPackageReference "realm-swift" */ = {
			isa = XCRemoteSwiftPackageReference;
			repositoryURL = "https://github.com/realm/realm-swift.git";
			requirement = {
				branch = master;
				kind = branch;
			};
		};
		4F6EFDF82BA2BBC0007B14EC /* XCRemoteSwiftPackageReference "Tabman" */ = {
			isa = XCRemoteSwiftPackageReference;
			repositoryURL = "https://github.com/uias/Tabman.git";
			requirement = {
				kind = upToNextMajorVersion;
				minimumVersion = 3.0.2;
			};
		};
/* End XCRemoteSwiftPackageReference section */

/* Begin XCSwiftPackageProductDependency section */
		4F6EFDF12BA2BA03007B14EC /* SnapKit */ = {
			isa = XCSwiftPackageProductDependency;
			package = 4F6EFDF02BA2BA03007B14EC /* XCRemoteSwiftPackageReference "SnapKit" */;
			productName = SnapKit;
		};
		4F6EFDF42BA2BAD2007B14EC /* Realm */ = {
			isa = XCSwiftPackageProductDependency;
			package = 4F6EFDF32BA2BAD2007B14EC /* XCRemoteSwiftPackageReference "realm-swift" */;
			productName = Realm;
		};
		4F6EFDF62BA2BAD2007B14EC /* RealmSwift */ = {
			isa = XCSwiftPackageProductDependency;
			package = 4F6EFDF32BA2BAD2007B14EC /* XCRemoteSwiftPackageReference "realm-swift" */;
			productName = RealmSwift;
		};
		4F6EFDF92BA2BBC0007B14EC /* Tabman */ = {
			isa = XCSwiftPackageProductDependency;
			package = 4F6EFDF82BA2BBC0007B14EC /* XCRemoteSwiftPackageReference "Tabman" */;
			productName = Tabman;
		};
/* End XCSwiftPackageProductDependency section */
	};
	rootObject = 4F4F03EF2B99890D003B88DF /* Project object */;
}
