// !$*UTF8*$!
{
	archiveVersion = 1;
	classes = {
	};
	objectVersion = 56;
	objects = {

/* Begin PBXBuildFile section */
		4F4F03FB2B99890D003B88DF /* AppDelegate.swift in Sources */ = {isa = PBXBuildFile; fileRef = 4F4F03FA2B99890D003B88DF /* AppDelegate.swift */; };
		4F4F03FD2B99890D003B88DF /* SceneDelegate.swift in Sources */ = {isa = PBXBuildFile; fileRef = 4F4F03FC2B99890D003B88DF /* SceneDelegate.swift */; };
		4F4F04042B99890F003B88DF /* Assets.xcassets in Resources */ = {isa = PBXBuildFile; fileRef = 4F4F04032B99890F003B88DF /* Assets.xcassets */; };
		4F4F04072B99890F003B88DF /* LaunchScreen.storyboard in Resources */ = {isa = PBXBuildFile; fileRef = 4F4F04052B99890F003B88DF /* LaunchScreen.storyboard */; };
		4F69CB532BAA55D700319F83 /* AddPhraseCollectionView.swift in Sources */ = {isa = PBXBuildFile; fileRef = 4F69CB522BAA55D700319F83 /* AddPhraseCollectionView.swift */; };
		4F69CB552BAA55EF00319F83 /* AddPhraseCollectionViewController.swift in Sources */ = {isa = PBXBuildFile; fileRef = 4F69CB542BAA55EF00319F83 /* AddPhraseCollectionViewController.swift */; };
		4F69CB572BAA568000319F83 /* CustomTextAreaView.swift in Sources */ = {isa = PBXBuildFile; fileRef = 4F69CB562BAA568000319F83 /* CustomTextAreaView.swift */; };
		4F69CB592BAA5F0700319F83 /* ColorSelectView.swift in Sources */ = {isa = PBXBuildFile; fileRef = 4F69CB582BAA5F0700319F83 /* ColorSelectView.swift */; };
		4F69CB5C2BAA7E9D00319F83 /* AddPhraseCollectionViewModel.swift in Sources */ = {isa = PBXBuildFile; fileRef = 4F69CB5B2BAA7E9D00319F83 /* AddPhraseCollectionViewModel.swift */; };
		4F69CB5F2BAAA16700319F83 /* Toast in Frameworks */ = {isa = PBXBuildFile; productRef = 4F69CB5E2BAAA16700319F83 /* Toast */; };
		4F69CB612BAAA23500319F83 /* Message.swift in Sources */ = {isa = PBXBuildFile; fileRef = 4F69CB602BAAA23500319F83 /* Message.swift */; };
		4F69CB662BAB174A00319F83 /* PhraseListViewController.swift in Sources */ = {isa = PBXBuildFile; fileRef = 4F69CB652BAB174A00319F83 /* PhraseListViewController.swift */; };
		4F69CB682BAB175F00319F83 /* PhraseListView.swift in Sources */ = {isa = PBXBuildFile; fileRef = 4F69CB672BAB175F00319F83 /* PhraseListView.swift */; };
		4F69CB6A2BAB1BDF00319F83 /* TitleViewLabel.swift in Sources */ = {isa = PBXBuildFile; fileRef = 4F69CB692BAB1BDF00319F83 /* TitleViewLabel.swift */; };
		4F69CB6C2BAB1D3500319F83 /* UINavigationItem+Extension.swift in Sources */ = {isa = PBXBuildFile; fileRef = 4F69CB6B2BAB1D3500319F83 /* UINavigationItem+Extension.swift */; };
		4F69CB6E2BAB4E0900319F83 /* PhraseListViewModel.swift in Sources */ = {isa = PBXBuildFile; fileRef = 4F69CB6D2BAB4E0800319F83 /* PhraseListViewModel.swift */; };
		4F69CB712BAB565B00319F83 /* PhraseCollectionViewCell.swift in Sources */ = {isa = PBXBuildFile; fileRef = 4F69CB702BAB565B00319F83 /* PhraseCollectionViewCell.swift */; };
		4F69CB752BAB92BA00319F83 /* Floaty in Frameworks */ = {isa = PBXBuildFile; productRef = 4F69CB742BAB92BA00319F83 /* Floaty */; };
		4F69CB792BAC44D700319F83 /* PhraseFloatyFactory.swift in Sources */ = {isa = PBXBuildFile; fileRef = 4F69CB782BAC44D700319F83 /* PhraseFloatyFactory.swift */; };
		4F69CB7C2BAC62BF00319F83 /* AddPhraseViewController.swift in Sources */ = {isa = PBXBuildFile; fileRef = 4F69CB7B2BAC62BF00319F83 /* AddPhraseViewController.swift */; };
		4F69CB7E2BAC69A400319F83 /* AddPhraseView.swift in Sources */ = {isa = PBXBuildFile; fileRef = 4F69CB7D2BAC69A400319F83 /* AddPhraseView.swift */; };
		4F69CB802BAC710800319F83 /* TagInputView.swift in Sources */ = {isa = PBXBuildFile; fileRef = 4F69CB7F2BAC710800319F83 /* TagInputView.swift */; };
		4F69CB842BACAB4C00319F83 /* String+Extension.swift in Sources */ = {isa = PBXBuildFile; fileRef = 4F69CB832BACAB4C00319F83 /* String+Extension.swift */; };
		4F69CB862BACADD700319F83 /* TagView.swift in Sources */ = {isa = PBXBuildFile; fileRef = 4F69CB852BACADD700319F83 /* TagView.swift */; };
		4F69CB882BACB0E000319F83 /* AddPhraseViewModel.swift in Sources */ = {isa = PBXBuildFile; fileRef = 4F69CB872BACB0E000319F83 /* AddPhraseViewModel.swift */; };
		4F69CB8A2BACBEF800319F83 /* TagRepository.swift in Sources */ = {isa = PBXBuildFile; fileRef = 4F69CB892BACBEF800319F83 /* TagRepository.swift */; };
		4F69CB8C2BACDE3600319F83 /* UITextField+Extension.swift in Sources */ = {isa = PBXBuildFile; fileRef = 4F69CB8B2BACDE3600319F83 /* UITextField+Extension.swift */; };
		4F69CB8F2BAD09E400319F83 /* TTSManager.swift in Sources */ = {isa = PBXBuildFile; fileRef = 4F69CB8E2BAD09E400319F83 /* TTSManager.swift */; };
		4F69CB942BAD3D0A00319F83 /* AlertBuilder.swift in Sources */ = {isa = PBXBuildFile; fileRef = 4F69CB932BAD3D0A00319F83 /* AlertBuilder.swift */; };
		4F69CB962BAD3E5A00319F83 /* CustomAlertViewController.swift in Sources */ = {isa = PBXBuildFile; fileRef = 4F69CB952BAD3E5A00319F83 /* CustomAlertViewController.swift */; };
		4F69CB982BAD5C8E00319F83 /* PCCollectionHeaderView.swift in Sources */ = {isa = PBXBuildFile; fileRef = 4F69CB972BAD5C8E00319F83 /* PCCollectionHeaderView.swift */; };
		4F69CB9D2BAECBDE00319F83 /* FloatyCreator.swift in Sources */ = {isa = PBXBuildFile; fileRef = 4F69CB9C2BAECBDE00319F83 /* FloatyCreator.swift */; };
		4F69CB9F2BAECC3A00319F83 /* CollectionFloatyFactory.swift in Sources */ = {isa = PBXBuildFile; fileRef = 4F69CB9E2BAECC3A00319F83 /* CollectionFloatyFactory.swift */; };
		4F69CBA12BAED7DB00319F83 /* TipBarButtonItem.swift in Sources */ = {isa = PBXBuildFile; fileRef = 4F69CBA02BAED7DB00319F83 /* TipBarButtonItem.swift */; };
		4F69CBA42BAED97B00319F83 /* TipViewBuilder.swift in Sources */ = {isa = PBXBuildFile; fileRef = 4F69CBA32BAED97B00319F83 /* TipViewBuilder.swift */; };
		4F69CBA62BAED9D300319F83 /* TipViewController.swift in Sources */ = {isa = PBXBuildFile; fileRef = 4F69CBA52BAED9D300319F83 /* TipViewController.swift */; };
		4F69CBA92BAF4A4B00319F83 /* OCRViewController.swift in Sources */ = {isa = PBXBuildFile; fileRef = 4F69CBA82BAF4A4B00319F83 /* OCRViewController.swift */; };
		4F69CBAB2BAF4B2A00319F83 /* OCRView.swift in Sources */ = {isa = PBXBuildFile; fileRef = 4F69CBAA2BAF4B2A00319F83 /* OCRView.swift */; };
		4F69CBAD2BAF569B00319F83 /* OCRViewModel.swift in Sources */ = {isa = PBXBuildFile; fileRef = 4F69CBAC2BAF569B00319F83 /* OCRViewModel.swift */; };
		4F6EFDF22BA2BA03007B14EC /* SnapKit in Frameworks */ = {isa = PBXBuildFile; productRef = 4F6EFDF12BA2BA03007B14EC /* SnapKit */; };
		4F6EFDF52BA2BAD2007B14EC /* Realm in Frameworks */ = {isa = PBXBuildFile; productRef = 4F6EFDF42BA2BAD2007B14EC /* Realm */; };
		4F6EFDF72BA2BAD2007B14EC /* RealmSwift in Frameworks */ = {isa = PBXBuildFile; productRef = 4F6EFDF62BA2BAD2007B14EC /* RealmSwift */; };
		4F6EFE002BA353FC007B14EC /* UIFont+Extension.swift in Sources */ = {isa = PBXBuildFile; fileRef = 4F6EFDFF2BA353FC007B14EC /* UIFont+Extension.swift */; };
		4F6EFE042BA35490007B14EC /* Sejong hospital Bold.otf in Resources */ = {isa = PBXBuildFile; fileRef = 4F6EFE022BA35490007B14EC /* Sejong hospital Bold.otf */; };
		4F6EFE052BA35490007B14EC /* Sejong hospital Light.otf in Resources */ = {isa = PBXBuildFile; fileRef = 4F6EFE032BA35490007B14EC /* Sejong hospital Light.otf */; };
		4F6EFE072BA35D81007B14EC /* UIColor+Extension.swift in Sources */ = {isa = PBXBuildFile; fileRef = 4F6EFE062BA35D81007B14EC /* UIColor+Extension.swift */; };
		4F6EFE0A2BA45AA3007B14EC /* BaseViewController.swift in Sources */ = {isa = PBXBuildFile; fileRef = 4F6EFE092BA45AA3007B14EC /* BaseViewController.swift */; };
		4F6EFE102BA73B29007B14EC /* UINavigationController+Extension.swift in Sources */ = {isa = PBXBuildFile; fileRef = 4F6EFE0F2BA73B29007B14EC /* UINavigationController+Extension.swift */; };
		4F6EFE122BA833E6007B14EC /* PhraseCollectionViewController.swift in Sources */ = {isa = PBXBuildFile; fileRef = 4F6EFE112BA833E6007B14EC /* PhraseCollectionViewController.swift */; };
		4F6EFE162BA8340F007B14EC /* BaseView.swift in Sources */ = {isa = PBXBuildFile; fileRef = 4F6EFE152BA8340F007B14EC /* BaseView.swift */; };
		4F6EFE192BA8346E007B14EC /* PhraseCollectionView.swift in Sources */ = {isa = PBXBuildFile; fileRef = 4F6EFE182BA8346E007B14EC /* PhraseCollectionView.swift */; };
		4F6EFE1C2BA8361C007B14EC /* ViewDrawable.swift in Sources */ = {isa = PBXBuildFile; fileRef = 4F6EFE1B2BA8361C007B14EC /* ViewDrawable.swift */; };
		4F6EFE1E2BA8393A007B14EC /* UICollectionView+Extension.swift in Sources */ = {isa = PBXBuildFile; fileRef = 4F6EFE1D2BA8393A007B14EC /* UICollectionView+Extension.swift */; };
		4F6EFE222BA83B6D007B14EC /* PCCollectionViewCell.swift in Sources */ = {isa = PBXBuildFile; fileRef = 4F6EFE212BA83B6D007B14EC /* PCCollectionViewCell.swift */; };
		4F6EFE242BA90306007B14EC /* UIView+Extension.swift in Sources */ = {isa = PBXBuildFile; fileRef = 4F6EFE232BA90306007B14EC /* UIView+Extension.swift */; };
		4F6EFE312BA95BEE007B14EC /* PhraseCollectionViewModel.swift in Sources */ = {isa = PBXBuildFile; fileRef = 4F6EFE302BA95BEE007B14EC /* PhraseCollectionViewModel.swift */; };
		4F6EFE332BA95C7E007B14EC /* ViewModelAvailable.swift in Sources */ = {isa = PBXBuildFile; fileRef = 4F6EFE322BA95C7E007B14EC /* ViewModelAvailable.swift */; };
		4F6EFE362BA95D21007B14EC /* Observable.swift in Sources */ = {isa = PBXBuildFile; fileRef = 4F6EFE352BA95D21007B14EC /* Observable.swift */; };
		4F6EFE3A2BA96368007B14EC /* Collection.swift in Sources */ = {isa = PBXBuildFile; fileRef = 4F6EFE392BA96368007B14EC /* Collection.swift */; };
		4F6EFE3C2BA964D3007B14EC /* Phrase.swift in Sources */ = {isa = PBXBuildFile; fileRef = 4F6EFE3B2BA964D3007B14EC /* Phrase.swift */; };
		4F6EFE3F2BA96849007B14EC /* StateOfMemorization.swift in Sources */ = {isa = PBXBuildFile; fileRef = 4F6EFE3E2BA96849007B14EC /* StateOfMemorization.swift */; };
		4F6EFE412BA96B98007B14EC /* Tag.swift in Sources */ = {isa = PBXBuildFile; fileRef = 4F6EFE402BA96B98007B14EC /* Tag.swift */; };
		4F6EFE442BA96D53007B14EC /* BaseRepository.swift in Sources */ = {isa = PBXBuildFile; fileRef = 4F6EFE432BA96D53007B14EC /* BaseRepository.swift */; };
		4F6EFE462BA96DF1007B14EC /* CollectionRepository.swift in Sources */ = {isa = PBXBuildFile; fileRef = 4F6EFE452BA96DF1007B14EC /* CollectionRepository.swift */; };
		4F6EFE482BA96E85007B14EC /* RealmManager.swift in Sources */ = {isa = PBXBuildFile; fileRef = 4F6EFE472BA96E85007B14EC /* RealmManager.swift */; };
		4F6EFE4A2BA9AC04007B14EC /* PhraseRepository.swift in Sources */ = {isa = PBXBuildFile; fileRef = 4F6EFE492BA9AC04007B14EC /* PhraseRepository.swift */; };
		4FC4EC472BA0130D004AD6E6 /* VisionKitViewController.swift in Sources */ = {isa = PBXBuildFile; fileRef = 4FC4EC462BA0130D004AD6E6 /* VisionKitViewController.swift */; };
/* End PBXBuildFile section */

/* Begin PBXFileReference section */
		4F4F03F72B99890D003B88DF /* LanguageExpress.app */ = {isa = PBXFileReference; explicitFileType = wrapper.application; includeInIndex = 0; path = LanguageExpress.app; sourceTree = BUILT_PRODUCTS_DIR; };
		4F4F03FA2B99890D003B88DF /* AppDelegate.swift */ = {isa = PBXFileReference; lastKnownFileType = sourcecode.swift; path = AppDelegate.swift; sourceTree = "<group>"; };
		4F4F03FC2B99890D003B88DF /* SceneDelegate.swift */ = {isa = PBXFileReference; lastKnownFileType = sourcecode.swift; path = SceneDelegate.swift; sourceTree = "<group>"; };
		4F4F04032B99890F003B88DF /* Assets.xcassets */ = {isa = PBXFileReference; lastKnownFileType = folder.assetcatalog; path = Assets.xcassets; sourceTree = "<group>"; };
		4F4F04062B99890F003B88DF /* Base */ = {isa = PBXFileReference; lastKnownFileType = file.storyboard; name = Base; path = Base.lproj/LaunchScreen.storyboard; sourceTree = "<group>"; };
		4F4F04082B99890F003B88DF /* Info.plist */ = {isa = PBXFileReference; lastKnownFileType = text.plist.xml; path = Info.plist; sourceTree = "<group>"; };
		4F69CB522BAA55D700319F83 /* AddPhraseCollectionView.swift */ = {isa = PBXFileReference; lastKnownFileType = sourcecode.swift; path = AddPhraseCollectionView.swift; sourceTree = "<group>"; };
		4F69CB542BAA55EF00319F83 /* AddPhraseCollectionViewController.swift */ = {isa = PBXFileReference; lastKnownFileType = sourcecode.swift; path = AddPhraseCollectionViewController.swift; sourceTree = "<group>"; };
		4F69CB562BAA568000319F83 /* CustomTextAreaView.swift */ = {isa = PBXFileReference; lastKnownFileType = sourcecode.swift; path = CustomTextAreaView.swift; sourceTree = "<group>"; };
		4F69CB582BAA5F0700319F83 /* ColorSelectView.swift */ = {isa = PBXFileReference; lastKnownFileType = sourcecode.swift; path = ColorSelectView.swift; sourceTree = "<group>"; };
		4F69CB5B2BAA7E9D00319F83 /* AddPhraseCollectionViewModel.swift */ = {isa = PBXFileReference; lastKnownFileType = sourcecode.swift; path = AddPhraseCollectionViewModel.swift; sourceTree = "<group>"; };
		4F69CB602BAAA23500319F83 /* Message.swift */ = {isa = PBXFileReference; lastKnownFileType = sourcecode.swift; path = Message.swift; sourceTree = "<group>"; };
		4F69CB652BAB174A00319F83 /* PhraseListViewController.swift */ = {isa = PBXFileReference; lastKnownFileType = sourcecode.swift; path = PhraseListViewController.swift; sourceTree = "<group>"; };
		4F69CB672BAB175F00319F83 /* PhraseListView.swift */ = {isa = PBXFileReference; lastKnownFileType = sourcecode.swift; path = PhraseListView.swift; sourceTree = "<group>"; };
		4F69CB692BAB1BDF00319F83 /* TitleViewLabel.swift */ = {isa = PBXFileReference; lastKnownFileType = sourcecode.swift; path = TitleViewLabel.swift; sourceTree = "<group>"; };
		4F69CB6B2BAB1D3500319F83 /* UINavigationItem+Extension.swift */ = {isa = PBXFileReference; lastKnownFileType = sourcecode.swift; path = "UINavigationItem+Extension.swift"; sourceTree = "<group>"; };
		4F69CB6D2BAB4E0800319F83 /* PhraseListViewModel.swift */ = {isa = PBXFileReference; lastKnownFileType = sourcecode.swift; path = PhraseListViewModel.swift; sourceTree = "<group>"; };
		4F69CB702BAB565B00319F83 /* PhraseCollectionViewCell.swift */ = {isa = PBXFileReference; lastKnownFileType = sourcecode.swift; path = PhraseCollectionViewCell.swift; sourceTree = "<group>"; };
		4F69CB782BAC44D700319F83 /* PhraseFloatyFactory.swift */ = {isa = PBXFileReference; lastKnownFileType = sourcecode.swift; path = PhraseFloatyFactory.swift; sourceTree = "<group>"; };
		4F69CB7B2BAC62BF00319F83 /* AddPhraseViewController.swift */ = {isa = PBXFileReference; lastKnownFileType = sourcecode.swift; path = AddPhraseViewController.swift; sourceTree = "<group>"; };
		4F69CB7D2BAC69A400319F83 /* AddPhraseView.swift */ = {isa = PBXFileReference; lastKnownFileType = sourcecode.swift; path = AddPhraseView.swift; sourceTree = "<group>"; };
		4F69CB7F2BAC710800319F83 /* TagInputView.swift */ = {isa = PBXFileReference; lastKnownFileType = sourcecode.swift; path = TagInputView.swift; sourceTree = "<group>"; };
		4F69CB832BACAB4C00319F83 /* String+Extension.swift */ = {isa = PBXFileReference; lastKnownFileType = sourcecode.swift; path = "String+Extension.swift"; sourceTree = "<group>"; };
		4F69CB852BACADD700319F83 /* TagView.swift */ = {isa = PBXFileReference; lastKnownFileType = sourcecode.swift; path = TagView.swift; sourceTree = "<group>"; };
		4F69CB872BACB0E000319F83 /* AddPhraseViewModel.swift */ = {isa = PBXFileReference; lastKnownFileType = sourcecode.swift; path = AddPhraseViewModel.swift; sourceTree = "<group>"; };
		4F69CB892BACBEF800319F83 /* TagRepository.swift */ = {isa = PBXFileReference; lastKnownFileType = sourcecode.swift; path = TagRepository.swift; sourceTree = "<group>"; };
		4F69CB8B2BACDE3600319F83 /* UITextField+Extension.swift */ = {isa = PBXFileReference; lastKnownFileType = sourcecode.swift; path = "UITextField+Extension.swift"; sourceTree = "<group>"; };
		4F69CB8E2BAD09E400319F83 /* TTSManager.swift */ = {isa = PBXFileReference; lastKnownFileType = sourcecode.swift; path = TTSManager.swift; sourceTree = "<group>"; };
		4F69CB932BAD3D0A00319F83 /* AlertBuilder.swift */ = {isa = PBXFileReference; lastKnownFileType = sourcecode.swift; path = AlertBuilder.swift; sourceTree = "<group>"; };
		4F69CB952BAD3E5A00319F83 /* CustomAlertViewController.swift */ = {isa = PBXFileReference; lastKnownFileType = sourcecode.swift; path = CustomAlertViewController.swift; sourceTree = "<group>"; };
		4F69CB972BAD5C8E00319F83 /* PCCollectionHeaderView.swift */ = {isa = PBXFileReference; lastKnownFileType = sourcecode.swift; path = PCCollectionHeaderView.swift; sourceTree = "<group>"; };
		4F69CB9C2BAECBDE00319F83 /* FloatyCreator.swift */ = {isa = PBXFileReference; lastKnownFileType = sourcecode.swift; path = FloatyCreator.swift; sourceTree = "<group>"; };
		4F69CB9E2BAECC3A00319F83 /* CollectionFloatyFactory.swift */ = {isa = PBXFileReference; lastKnownFileType = sourcecode.swift; path = CollectionFloatyFactory.swift; sourceTree = "<group>"; };
		4F69CBA02BAED7DB00319F83 /* TipBarButtonItem.swift */ = {isa = PBXFileReference; lastKnownFileType = sourcecode.swift; path = TipBarButtonItem.swift; sourceTree = "<group>"; };
		4F69CBA32BAED97B00319F83 /* TipViewBuilder.swift */ = {isa = PBXFileReference; lastKnownFileType = sourcecode.swift; path = TipViewBuilder.swift; sourceTree = "<group>"; };
		4F69CBA52BAED9D300319F83 /* TipViewController.swift */ = {isa = PBXFileReference; lastKnownFileType = sourcecode.swift; path = TipViewController.swift; sourceTree = "<group>"; };
		4F69CBA82BAF4A4B00319F83 /* OCRViewController.swift */ = {isa = PBXFileReference; lastKnownFileType = sourcecode.swift; path = OCRViewController.swift; sourceTree = "<group>"; };
		4F69CBAA2BAF4B2A00319F83 /* OCRView.swift */ = {isa = PBXFileReference; lastKnownFileType = sourcecode.swift; path = OCRView.swift; sourceTree = "<group>"; };
		4F69CBAC2BAF569B00319F83 /* OCRViewModel.swift */ = {isa = PBXFileReference; lastKnownFileType = sourcecode.swift; path = OCRViewModel.swift; sourceTree = "<group>"; };
		4F6EFDFF2BA353FC007B14EC /* UIFont+Extension.swift */ = {isa = PBXFileReference; lastKnownFileType = sourcecode.swift; path = "UIFont+Extension.swift"; sourceTree = "<group>"; };
		4F6EFE022BA35490007B14EC /* Sejong hospital Bold.otf */ = {isa = PBXFileReference; lastKnownFileType = file; path = "Sejong hospital Bold.otf"; sourceTree = "<group>"; };
		4F6EFE032BA35490007B14EC /* Sejong hospital Light.otf */ = {isa = PBXFileReference; lastKnownFileType = file; path = "Sejong hospital Light.otf"; sourceTree = "<group>"; };
		4F6EFE062BA35D81007B14EC /* UIColor+Extension.swift */ = {isa = PBXFileReference; lastKnownFileType = sourcecode.swift; path = "UIColor+Extension.swift"; sourceTree = "<group>"; };
		4F6EFE092BA45AA3007B14EC /* BaseViewController.swift */ = {isa = PBXFileReference; lastKnownFileType = sourcecode.swift; path = BaseViewController.swift; sourceTree = "<group>"; };
		4F6EFE0F2BA73B29007B14EC /* UINavigationController+Extension.swift */ = {isa = PBXFileReference; lastKnownFileType = sourcecode.swift; path = "UINavigationController+Extension.swift"; sourceTree = "<group>"; };
		4F6EFE112BA833E6007B14EC /* PhraseCollectionViewController.swift */ = {isa = PBXFileReference; lastKnownFileType = sourcecode.swift; path = PhraseCollectionViewController.swift; sourceTree = "<group>"; };
		4F6EFE152BA8340F007B14EC /* BaseView.swift */ = {isa = PBXFileReference; lastKnownFileType = sourcecode.swift; path = BaseView.swift; sourceTree = "<group>"; };
		4F6EFE182BA8346E007B14EC /* PhraseCollectionView.swift */ = {isa = PBXFileReference; lastKnownFileType = sourcecode.swift; path = PhraseCollectionView.swift; sourceTree = "<group>"; };
		4F6EFE1B2BA8361C007B14EC /* ViewDrawable.swift */ = {isa = PBXFileReference; lastKnownFileType = sourcecode.swift; path = ViewDrawable.swift; sourceTree = "<group>"; };
		4F6EFE1D2BA8393A007B14EC /* UICollectionView+Extension.swift */ = {isa = PBXFileReference; lastKnownFileType = sourcecode.swift; path = "UICollectionView+Extension.swift"; sourceTree = "<group>"; };
		4F6EFE212BA83B6D007B14EC /* PCCollectionViewCell.swift */ = {isa = PBXFileReference; lastKnownFileType = sourcecode.swift; path = PCCollectionViewCell.swift; sourceTree = "<group>"; };
		4F6EFE232BA90306007B14EC /* UIView+Extension.swift */ = {isa = PBXFileReference; lastKnownFileType = sourcecode.swift; path = "UIView+Extension.swift"; sourceTree = "<group>"; };
		4F6EFE302BA95BEE007B14EC /* PhraseCollectionViewModel.swift */ = {isa = PBXFileReference; lastKnownFileType = sourcecode.swift; path = PhraseCollectionViewModel.swift; sourceTree = "<group>"; };
		4F6EFE322BA95C7E007B14EC /* ViewModelAvailable.swift */ = {isa = PBXFileReference; lastKnownFileType = sourcecode.swift; path = ViewModelAvailable.swift; sourceTree = "<group>"; };
		4F6EFE352BA95D21007B14EC /* Observable.swift */ = {isa = PBXFileReference; lastKnownFileType = sourcecode.swift; path = Observable.swift; sourceTree = "<group>"; };
		4F6EFE392BA96368007B14EC /* Collection.swift */ = {isa = PBXFileReference; lastKnownFileType = sourcecode.swift; path = Collection.swift; sourceTree = "<group>"; };
		4F6EFE3B2BA964D3007B14EC /* Phrase.swift */ = {isa = PBXFileReference; lastKnownFileType = sourcecode.swift; path = Phrase.swift; sourceTree = "<group>"; };
		4F6EFE3E2BA96849007B14EC /* StateOfMemorization.swift */ = {isa = PBXFileReference; lastKnownFileType = sourcecode.swift; path = StateOfMemorization.swift; sourceTree = "<group>"; };
		4F6EFE402BA96B98007B14EC /* Tag.swift */ = {isa = PBXFileReference; lastKnownFileType = sourcecode.swift; path = Tag.swift; sourceTree = "<group>"; };
		4F6EFE432BA96D53007B14EC /* BaseRepository.swift */ = {isa = PBXFileReference; lastKnownFileType = sourcecode.swift; path = BaseRepository.swift; sourceTree = "<group>"; };
		4F6EFE452BA96DF1007B14EC /* CollectionRepository.swift */ = {isa = PBXFileReference; lastKnownFileType = sourcecode.swift; path = CollectionRepository.swift; sourceTree = "<group>"; };
		4F6EFE472BA96E85007B14EC /* RealmManager.swift */ = {isa = PBXFileReference; lastKnownFileType = sourcecode.swift; path = RealmManager.swift; sourceTree = "<group>"; };
		4F6EFE492BA9AC04007B14EC /* PhraseRepository.swift */ = {isa = PBXFileReference; lastKnownFileType = sourcecode.swift; path = PhraseRepository.swift; sourceTree = "<group>"; };
		4FC4EC462BA0130D004AD6E6 /* VisionKitViewController.swift */ = {isa = PBXFileReference; lastKnownFileType = sourcecode.swift; path = VisionKitViewController.swift; sourceTree = "<group>"; };
/* End PBXFileReference section */

/* Begin PBXFrameworksBuildPhase section */
		4F4F03F42B99890D003B88DF /* Frameworks */ = {
			isa = PBXFrameworksBuildPhase;
			buildActionMask = 2147483647;
			files = (
				4F69CB752BAB92BA00319F83 /* Floaty in Frameworks */,
				4F6EFDF72BA2BAD2007B14EC /* RealmSwift in Frameworks */,
				4F6EFDF52BA2BAD2007B14EC /* Realm in Frameworks */,
				4F69CB5F2BAAA16700319F83 /* Toast in Frameworks */,
				4F6EFDF22BA2BA03007B14EC /* SnapKit in Frameworks */,
			);
			runOnlyForDeploymentPostprocessing = 0;
		};
/* End PBXFrameworksBuildPhase section */

/* Begin PBXGroup section */
		4F4F03EE2B99890D003B88DF = {
			isa = PBXGroup;
			children = (
				4F4F03F92B99890D003B88DF /* LanguageExpress */,
				4F4F03F82B99890D003B88DF /* Products */,
			);
			sourceTree = "<group>";
		};
		4F4F03F82B99890D003B88DF /* Products */ = {
			isa = PBXGroup;
			children = (
				4F4F03F72B99890D003B88DF /* LanguageExpress.app */,
			);
			name = Products;
			sourceTree = "<group>";
		};
		4F4F03F92B99890D003B88DF /* LanguageExpress */ = {
			isa = PBXGroup;
			children = (
				4F69CB8D2BAD09D500319F83 /* Manager */,
				4F6EFE3D2BA96808007B14EC /* Enum */,
				4F6EFE372BA9632D007B14EC /* Realm */,
				4F6EFE1A2BA83567007B14EC /* Protocol */,
				4F6EFE0B2BA56553007B14EC /* Feature */,
				4F6EFE082BA45A42007B14EC /* Base */,
				4F6EFE012BA35472007B14EC /* Fonts */,
				4F6EFDFE2BA353EC007B14EC /* Extension */,
				4FC4EC482BA01315004AD6E6 /* Test */,
				4F4F03FA2B99890D003B88DF /* AppDelegate.swift */,
				4F4F03FC2B99890D003B88DF /* SceneDelegate.swift */,
				4F4F04032B99890F003B88DF /* Assets.xcassets */,
				4F4F04052B99890F003B88DF /* LaunchScreen.storyboard */,
				4F4F04082B99890F003B88DF /* Info.plist */,
			);
			path = LanguageExpress;
			sourceTree = "<group>";
		};
		4F69CB502BAA555000319F83 /* PhraseCollectionList */ = {
			isa = PBXGroup;
			children = (
				4F6EFE1F2BA83B44007B14EC /* Cell */,
				4F6EFE302BA95BEE007B14EC /* PhraseCollectionViewModel.swift */,
				4F6EFE182BA8346E007B14EC /* PhraseCollectionView.swift */,
				4F6EFE112BA833E6007B14EC /* PhraseCollectionViewController.swift */,
			);
			path = PhraseCollectionList;
			sourceTree = "<group>";
		};
		4F69CB512BAA558B00319F83 /* AddPhraseCollection */ = {
			isa = PBXGroup;
			children = (
				4F69CB522BAA55D700319F83 /* AddPhraseCollectionView.swift */,
				4F69CB542BAA55EF00319F83 /* AddPhraseCollectionViewController.swift */,
				4F69CB5B2BAA7E9D00319F83 /* AddPhraseCollectionViewModel.swift */,
			);
			path = AddPhraseCollection;
			sourceTree = "<group>";
		};
		4F69CB632BAB16ED00319F83 /* Phrase */ = {
			isa = PBXGroup;
			children = (
				4F69CB642BAB170000319F83 /* PhraseList */,
				4F69CB7A2BAC629D00319F83 /* AddPhrase */,
			);
			path = Phrase;
			sourceTree = "<group>";
		};
		4F69CB642BAB170000319F83 /* PhraseList */ = {
			isa = PBXGroup;
			children = (
				4F69CB6F2BAB563B00319F83 /* Cell */,
				4F69CB652BAB174A00319F83 /* PhraseListViewController.swift */,
				4F69CB672BAB175F00319F83 /* PhraseListView.swift */,
				4F69CB6D2BAB4E0800319F83 /* PhraseListViewModel.swift */,
			);
			path = PhraseList;
			sourceTree = "<group>";
		};
		4F69CB6F2BAB563B00319F83 /* Cell */ = {
			isa = PBXGroup;
			children = (
				4F69CB702BAB565B00319F83 /* PhraseCollectionViewCell.swift */,
			);
			path = Cell;
			sourceTree = "<group>";
		};
		4F69CB7A2BAC629D00319F83 /* AddPhrase */ = {
			isa = PBXGroup;
			children = (
				4F69CBA72BAF4A2200319F83 /* OCR */,
				4F69CB7B2BAC62BF00319F83 /* AddPhraseViewController.swift */,
				4F69CB7D2BAC69A400319F83 /* AddPhraseView.swift */,
				4F69CB872BACB0E000319F83 /* AddPhraseViewModel.swift */,
			);
			path = AddPhrase;
			sourceTree = "<group>";
		};
		4F69CB8D2BAD09D500319F83 /* Manager */ = {
			isa = PBXGroup;
			children = (
				4F69CB8E2BAD09E400319F83 /* TTSManager.swift */,
			);
			path = Manager;
			sourceTree = "<group>";
		};
		4F69CB912BAD3CF100319F83 /* Alert */ = {
			isa = PBXGroup;
			children = (
				4F69CB932BAD3D0A00319F83 /* AlertBuilder.swift */,
				4F69CB952BAD3E5A00319F83 /* CustomAlertViewController.swift */,
			);
			path = Alert;
			sourceTree = "<group>";
		};
		4F69CB9B2BAECBD000319F83 /* Floaty */ = {
			isa = PBXGroup;
			children = (
				4F69CB9C2BAECBDE00319F83 /* FloatyCreator.swift */,
				4F69CB9E2BAECC3A00319F83 /* CollectionFloatyFactory.swift */,
				4F69CB782BAC44D700319F83 /* PhraseFloatyFactory.swift */,
			);
			path = Floaty;
			sourceTree = "<group>";
		};
		4F69CBA22BAED82800319F83 /* Tip */ = {
			isa = PBXGroup;
			children = (
				4F69CBA02BAED7DB00319F83 /* TipBarButtonItem.swift */,
				4F69CBA32BAED97B00319F83 /* TipViewBuilder.swift */,
				4F69CBA52BAED9D300319F83 /* TipViewController.swift */,
			);
			path = Tip;
			sourceTree = "<group>";
		};
		4F69CBA72BAF4A2200319F83 /* OCR */ = {
			isa = PBXGroup;
			children = (
				4F69CBA82BAF4A4B00319F83 /* OCRViewController.swift */,
				4F69CBAA2BAF4B2A00319F83 /* OCRView.swift */,
				4F69CBAC2BAF569B00319F83 /* OCRViewModel.swift */,
			);
			path = OCR;
			sourceTree = "<group>";
		};
		4F6EFDFE2BA353EC007B14EC /* Extension */ = {
			isa = PBXGroup;
			children = (
				4F6EFDFF2BA353FC007B14EC /* UIFont+Extension.swift */,
				4F6EFE062BA35D81007B14EC /* UIColor+Extension.swift */,
				4F6EFE0F2BA73B29007B14EC /* UINavigationController+Extension.swift */,
				4F6EFE1D2BA8393A007B14EC /* UICollectionView+Extension.swift */,
				4F6EFE232BA90306007B14EC /* UIView+Extension.swift */,
				4F69CB6B2BAB1D3500319F83 /* UINavigationItem+Extension.swift */,
				4F69CB832BACAB4C00319F83 /* String+Extension.swift */,
				4F69CB8B2BACDE3600319F83 /* UITextField+Extension.swift */,
			);
			path = Extension;
			sourceTree = "<group>";
		};
		4F6EFE012BA35472007B14EC /* Fonts */ = {
			isa = PBXGroup;
			children = (
				4F6EFE022BA35490007B14EC /* Sejong hospital Bold.otf */,
				4F6EFE032BA35490007B14EC /* Sejong hospital Light.otf */,
			);
			path = Fonts;
			sourceTree = "<group>";
		};
		4F6EFE082BA45A42007B14EC /* Base */ = {
			isa = PBXGroup;
			children = (
				4F6EFE092BA45AA3007B14EC /* BaseViewController.swift */,
				4F6EFE152BA8340F007B14EC /* BaseView.swift */,
			);
			path = Base;
			sourceTree = "<group>";
		};
		4F6EFE0B2BA56553007B14EC /* Feature */ = {
			isa = PBXGroup;
			children = (
				4F6EFE342BA95D19007B14EC /* Common */,
				4F6EFE0C2BA5655A007B14EC /* PhraseCollection */,
				4F69CB632BAB16ED00319F83 /* Phrase */,
			);
			path = Feature;
			sourceTree = "<group>";
		};
		4F6EFE0C2BA5655A007B14EC /* PhraseCollection */ = {
			isa = PBXGroup;
			children = (
				4F69CB502BAA555000319F83 /* PhraseCollectionList */,
				4F69CB512BAA558B00319F83 /* AddPhraseCollection */,
			);
			path = PhraseCollection;
			sourceTree = "<group>";
		};
		4F6EFE1A2BA83567007B14EC /* Protocol */ = {
			isa = PBXGroup;
			children = (
				4F6EFE1B2BA8361C007B14EC /* ViewDrawable.swift */,
				4F6EFE322BA95C7E007B14EC /* ViewModelAvailable.swift */,
			);
			path = Protocol;
			sourceTree = "<group>";
		};
		4F6EFE1F2BA83B44007B14EC /* Cell */ = {
			isa = PBXGroup;
			children = (
				4F6EFE212BA83B6D007B14EC /* PCCollectionViewCell.swift */,
				4F69CB972BAD5C8E00319F83 /* PCCollectionHeaderView.swift */,
			);
			path = Cell;
			sourceTree = "<group>";
		};
		4F6EFE342BA95D19007B14EC /* Common */ = {
			isa = PBXGroup;
			children = (
				4F69CBA22BAED82800319F83 /* Tip */,
				4F69CB9B2BAECBD000319F83 /* Floaty */,
				4F69CB912BAD3CF100319F83 /* Alert */,
				4F6EFE352BA95D21007B14EC /* Observable.swift */,
				4F69CB562BAA568000319F83 /* CustomTextAreaView.swift */,
				4F69CB582BAA5F0700319F83 /* ColorSelectView.swift */,
				4F69CB692BAB1BDF00319F83 /* TitleViewLabel.swift */,
				4F69CB7F2BAC710800319F83 /* TagInputView.swift */,
				4F69CB852BACADD700319F83 /* TagView.swift */,
			);
			path = Common;
			sourceTree = "<group>";
		};
		4F6EFE372BA9632D007B14EC /* Realm */ = {
			isa = PBXGroup;
			children = (
				4F6EFE422BA96D46007B14EC /* Repository */,
				4F6EFE382BA96355007B14EC /* Model */,
				4F6EFE472BA96E85007B14EC /* RealmManager.swift */,
			);
			path = Realm;
			sourceTree = "<group>";
		};
		4F6EFE382BA96355007B14EC /* Model */ = {
			isa = PBXGroup;
			children = (
				4F6EFE392BA96368007B14EC /* Collection.swift */,
				4F6EFE3B2BA964D3007B14EC /* Phrase.swift */,
				4F6EFE402BA96B98007B14EC /* Tag.swift */,
			);
			path = Model;
			sourceTree = "<group>";
		};
		4F6EFE3D2BA96808007B14EC /* Enum */ = {
			isa = PBXGroup;
			children = (
				4F6EFE3E2BA96849007B14EC /* StateOfMemorization.swift */,
				4F69CB602BAAA23500319F83 /* Message.swift */,
			);
			path = Enum;
			sourceTree = "<group>";
		};
		4F6EFE422BA96D46007B14EC /* Repository */ = {
			isa = PBXGroup;
			children = (
				4F6EFE432BA96D53007B14EC /* BaseRepository.swift */,
				4F6EFE452BA96DF1007B14EC /* CollectionRepository.swift */,
				4F6EFE492BA9AC04007B14EC /* PhraseRepository.swift */,
				4F69CB892BACBEF800319F83 /* TagRepository.swift */,
			);
			path = Repository;
			sourceTree = "<group>";
		};
		4FC4EC482BA01315004AD6E6 /* Test */ = {
			isa = PBXGroup;
			children = (
				4FC4EC462BA0130D004AD6E6 /* VisionKitViewController.swift */,
			);
			path = Test;
			sourceTree = "<group>";
		};
/* End PBXGroup section */

/* Begin PBXNativeTarget section */
		4F4F03F62B99890D003B88DF /* LanguageExpress */ = {
			isa = PBXNativeTarget;
			buildConfigurationList = 4F4F040B2B99890F003B88DF /* Build configuration list for PBXNativeTarget "LanguageExpress" */;
			buildPhases = (
				4F4F03F32B99890D003B88DF /* Sources */,
				4F4F03F42B99890D003B88DF /* Frameworks */,
				4F4F03F52B99890D003B88DF /* Resources */,
			);
			buildRules = (
			);
			dependencies = (
			);
			name = LanguageExpress;
			packageProductDependencies = (
				4F6EFDF12BA2BA03007B14EC /* SnapKit */,
				4F6EFDF42BA2BAD2007B14EC /* Realm */,
				4F6EFDF62BA2BAD2007B14EC /* RealmSwift */,
				4F69CB5E2BAAA16700319F83 /* Toast */,
				4F69CB742BAB92BA00319F83 /* Floaty */,
			);
			productName = LanguageExpress;
			productReference = 4F4F03F72B99890D003B88DF /* LanguageExpress.app */;
			productType = "com.apple.product-type.application";
		};
/* End PBXNativeTarget section */

/* Begin PBXProject section */
		4F4F03EF2B99890D003B88DF /* Project object */ = {
			isa = PBXProject;
			attributes = {
				BuildIndependentTargetsInParallel = 1;
				LastSwiftUpdateCheck = 1510;
				LastUpgradeCheck = 1510;
				TargetAttributes = {
					4F4F03F62B99890D003B88DF = {
						CreatedOnToolsVersion = 15.1;
					};
				};
			};
			buildConfigurationList = 4F4F03F22B99890D003B88DF /* Build configuration list for PBXProject "LanguageExpress" */;
			compatibilityVersion = "Xcode 14.0";
			developmentRegion = en;
			hasScannedForEncodings = 0;
			knownRegions = (
				en,
				Base,
			);
			mainGroup = 4F4F03EE2B99890D003B88DF;
			packageReferences = (
				4F6EFDF02BA2BA03007B14EC /* XCRemoteSwiftPackageReference "SnapKit" */,
				4F6EFDF32BA2BAD2007B14EC /* XCRemoteSwiftPackageReference "realm-swift" */,
				4F69CB5D2BAAA16700319F83 /* XCRemoteSwiftPackageReference "Toast-Swift" */,
				4F69CB732BAB92BA00319F83 /* XCRemoteSwiftPackageReference "Floaty" */,
			);
			productRefGroup = 4F4F03F82B99890D003B88DF /* Products */;
			projectDirPath = "";
			projectRoot = "";
			targets = (
				4F4F03F62B99890D003B88DF /* LanguageExpress */,
			);
		};
/* End PBXProject section */

/* Begin PBXResourcesBuildPhase section */
		4F4F03F52B99890D003B88DF /* Resources */ = {
			isa = PBXResourcesBuildPhase;
			buildActionMask = 2147483647;
			files = (
				4F4F04072B99890F003B88DF /* LaunchScreen.storyboard in Resources */,
				4F4F04042B99890F003B88DF /* Assets.xcassets in Resources */,
				4F6EFE052BA35490007B14EC /* Sejong hospital Light.otf in Resources */,
				4F6EFE042BA35490007B14EC /* Sejong hospital Bold.otf in Resources */,
			);
			runOnlyForDeploymentPostprocessing = 0;
		};
/* End PBXResourcesBuildPhase section */

/* Begin PBXSourcesBuildPhase section */
		4F4F03F32B99890D003B88DF /* Sources */ = {
			isa = PBXSourcesBuildPhase;
			buildActionMask = 2147483647;
			files = (
				4F6EFE332BA95C7E007B14EC /* ViewModelAvailable.swift in Sources */,
				4F69CB802BAC710800319F83 /* TagInputView.swift in Sources */,
				4F6EFE1E2BA8393A007B14EC /* UICollectionView+Extension.swift in Sources */,
				4F6EFE4A2BA9AC04007B14EC /* PhraseRepository.swift in Sources */,
				4F69CB6E2BAB4E0900319F83 /* PhraseListViewModel.swift in Sources */,
				4F69CB5C2BAA7E9D00319F83 /* AddPhraseCollectionViewModel.swift in Sources */,
				4F69CB7E2BAC69A400319F83 /* AddPhraseView.swift in Sources */,
				4F69CB552BAA55EF00319F83 /* AddPhraseCollectionViewController.swift in Sources */,
				4F4F03FB2B99890D003B88DF /* AppDelegate.swift in Sources */,
				4F6EFE412BA96B98007B14EC /* Tag.swift in Sources */,
				4F69CB6C2BAB1D3500319F83 /* UINavigationItem+Extension.swift in Sources */,
				4F6EFE1C2BA8361C007B14EC /* ViewDrawable.swift in Sources */,
				4F69CBAB2BAF4B2A00319F83 /* OCRView.swift in Sources */,
				4F69CB942BAD3D0A00319F83 /* AlertBuilder.swift in Sources */,
				4F69CBA92BAF4A4B00319F83 /* OCRViewController.swift in Sources */,
				4F69CBA62BAED9D300319F83 /* TipViewController.swift in Sources */,
				4F69CB862BACADD700319F83 /* TagView.swift in Sources */,
				4F69CB792BAC44D700319F83 /* PhraseFloatyFactory.swift in Sources */,
				4F4F03FD2B99890D003B88DF /* SceneDelegate.swift in Sources */,
				4F6EFE462BA96DF1007B14EC /* CollectionRepository.swift in Sources */,
				4F6EFE442BA96D53007B14EC /* BaseRepository.swift in Sources */,
				4F6EFE002BA353FC007B14EC /* UIFont+Extension.swift in Sources */,
				4F69CB962BAD3E5A00319F83 /* CustomAlertViewController.swift in Sources */,
				4F6EFE222BA83B6D007B14EC /* PCCollectionViewCell.swift in Sources */,
				4F69CB8C2BACDE3600319F83 /* UITextField+Extension.swift in Sources */,
				4FC4EC472BA0130D004AD6E6 /* VisionKitViewController.swift in Sources */,
				4F6EFE192BA8346E007B14EC /* PhraseCollectionView.swift in Sources */,
				4F69CBAD2BAF569B00319F83 /* OCRViewModel.swift in Sources */,
				4F69CBA12BAED7DB00319F83 /* TipBarButtonItem.swift in Sources */,
				4F6EFE3C2BA964D3007B14EC /* Phrase.swift in Sources */,
				4F6EFE3A2BA96368007B14EC /* Collection.swift in Sources */,
				4F69CB842BACAB4C00319F83 /* String+Extension.swift in Sources */,
				4F6EFE242BA90306007B14EC /* UIView+Extension.swift in Sources */,
				4F69CB8A2BACBEF800319F83 /* TagRepository.swift in Sources */,
				4F6EFE3F2BA96849007B14EC /* StateOfMemorization.swift in Sources */,
				4F69CB572BAA568000319F83 /* CustomTextAreaView.swift in Sources */,
				4F69CB7C2BAC62BF00319F83 /* AddPhraseViewController.swift in Sources */,
				4F69CB9D2BAECBDE00319F83 /* FloatyCreator.swift in Sources */,
				4F69CB712BAB565B00319F83 /* PhraseCollectionViewCell.swift in Sources */,
				4F69CB612BAAA23500319F83 /* Message.swift in Sources */,
				4F69CB532BAA55D700319F83 /* AddPhraseCollectionView.swift in Sources */,
				4F6EFE102BA73B29007B14EC /* UINavigationController+Extension.swift in Sources */,
				4F69CB662BAB174A00319F83 /* PhraseListViewController.swift in Sources */,
				4F69CB9F2BAECC3A00319F83 /* CollectionFloatyFactory.swift in Sources */,
				4F69CB682BAB175F00319F83 /* PhraseListView.swift in Sources */,
				4F69CB592BAA5F0700319F83 /* ColorSelectView.swift in Sources */,
				4F6EFE482BA96E85007B14EC /* RealmManager.swift in Sources */,
				4F69CB982BAD5C8E00319F83 /* PCCollectionHeaderView.swift in Sources */,
				4F6EFE122BA833E6007B14EC /* PhraseCollectionViewController.swift in Sources */,
				4F6EFE362BA95D21007B14EC /* Observable.swift in Sources */,
				4F69CBA42BAED97B00319F83 /* TipViewBuilder.swift in Sources */,
				4F6EFE162BA8340F007B14EC /* BaseView.swift in Sources */,
				4F69CB882BACB0E000319F83 /* AddPhraseViewModel.swift in Sources */,
				4F69CB6A2BAB1BDF00319F83 /* TitleViewLabel.swift in Sources */,
				4F6EFE072BA35D81007B14EC /* UIColor+Extension.swift in Sources */,
				4F69CB8F2BAD09E400319F83 /* TTSManager.swift in Sources */,
				4F6EFE0A2BA45AA3007B14EC /* BaseViewController.swift in Sources */,
				4F6EFE312BA95BEE007B14EC /* PhraseCollectionViewModel.swift in Sources */,
			);
			runOnlyForDeploymentPostprocessing = 0;
		};
/* End PBXSourcesBuildPhase section */

/* Begin PBXVariantGroup section */
		4F4F04052B99890F003B88DF /* LaunchScreen.storyboard */ = {
			isa = PBXVariantGroup;
			children = (
				4F4F04062B99890F003B88DF /* Base */,
			);
			name = LaunchScreen.storyboard;
			sourceTree = "<group>";
		};
/* End PBXVariantGroup section */

/* Begin XCBuildConfiguration section */
		4F4F04092B99890F003B88DF /* Debug */ = {
			isa = XCBuildConfiguration;
			buildSettings = {
				ALWAYS_SEARCH_USER_PATHS = NO;
				ASSETCATALOG_COMPILER_GENERATE_SWIFT_ASSET_SYMBOL_EXTENSIONS = YES;
				CLANG_ANALYZER_NONNULL = YES;
				CLANG_ANALYZER_NUMBER_OBJECT_CONVERSION = YES_AGGRESSIVE;
				CLANG_CXX_LANGUAGE_STANDARD = "gnu++20";
				CLANG_ENABLE_MODULES = YES;
				CLANG_ENABLE_OBJC_ARC = YES;
				CLANG_ENABLE_OBJC_WEAK = YES;
				CLANG_WARN_BLOCK_CAPTURE_AUTORELEASING = YES;
				CLANG_WARN_BOOL_CONVERSION = YES;
				CLANG_WARN_COMMA = YES;
				CLANG_WARN_CONSTANT_CONVERSION = YES;
				CLANG_WARN_DEPRECATED_OBJC_IMPLEMENTATIONS = YES;
				CLANG_WARN_DIRECT_OBJC_ISA_USAGE = YES_ERROR;
				CLANG_WARN_DOCUMENTATION_COMMENTS = YES;
				CLANG_WARN_EMPTY_BODY = YES;
				CLANG_WARN_ENUM_CONVERSION = YES;
				CLANG_WARN_INFINITE_RECURSION = YES;
				CLANG_WARN_INT_CONVERSION = YES;
				CLANG_WARN_NON_LITERAL_NULL_CONVERSION = YES;
				CLANG_WARN_OBJC_IMPLICIT_RETAIN_SELF = YES;
				CLANG_WARN_OBJC_LITERAL_CONVERSION = YES;
				CLANG_WARN_OBJC_ROOT_CLASS = YES_ERROR;
				CLANG_WARN_QUOTED_INCLUDE_IN_FRAMEWORK_HEADER = YES;
				CLANG_WARN_RANGE_LOOP_ANALYSIS = YES;
				CLANG_WARN_STRICT_PROTOTYPES = YES;
				CLANG_WARN_SUSPICIOUS_MOVE = YES;
				CLANG_WARN_UNGUARDED_AVAILABILITY = YES_AGGRESSIVE;
				CLANG_WARN_UNREACHABLE_CODE = YES;
				CLANG_WARN__DUPLICATE_METHOD_MATCH = YES;
				COPY_PHASE_STRIP = NO;
				DEBUG_INFORMATION_FORMAT = dwarf;
				ENABLE_STRICT_OBJC_MSGSEND = YES;
				ENABLE_TESTABILITY = YES;
				ENABLE_USER_SCRIPT_SANDBOXING = YES;
				GCC_C_LANGUAGE_STANDARD = gnu17;
				GCC_DYNAMIC_NO_PIC = NO;
				GCC_NO_COMMON_BLOCKS = YES;
				GCC_OPTIMIZATION_LEVEL = 0;
				GCC_PREPROCESSOR_DEFINITIONS = (
					"DEBUG=1",
					"$(inherited)",
				);
				GCC_WARN_64_TO_32_BIT_CONVERSION = YES;
				GCC_WARN_ABOUT_RETURN_TYPE = YES_ERROR;
				GCC_WARN_UNDECLARED_SELECTOR = YES;
				GCC_WARN_UNINITIALIZED_AUTOS = YES_AGGRESSIVE;
				GCC_WARN_UNUSED_FUNCTION = YES;
				GCC_WARN_UNUSED_VARIABLE = YES;
				IPHONEOS_DEPLOYMENT_TARGET = 17.2;
				LOCALIZATION_PREFERS_STRING_CATALOGS = YES;
				MTL_ENABLE_DEBUG_INFO = INCLUDE_SOURCE;
				MTL_FAST_MATH = YES;
				ONLY_ACTIVE_ARCH = YES;
				SDKROOT = iphoneos;
				SWIFT_ACTIVE_COMPILATION_CONDITIONS = "DEBUG $(inherited)";
				SWIFT_OPTIMIZATION_LEVEL = "-Onone";
			};
			name = Debug;
		};
		4F4F040A2B99890F003B88DF /* Release */ = {
			isa = XCBuildConfiguration;
			buildSettings = {
				ALWAYS_SEARCH_USER_PATHS = NO;
				ASSETCATALOG_COMPILER_GENERATE_SWIFT_ASSET_SYMBOL_EXTENSIONS = YES;
				CLANG_ANALYZER_NONNULL = YES;
				CLANG_ANALYZER_NUMBER_OBJECT_CONVERSION = YES_AGGRESSIVE;
				CLANG_CXX_LANGUAGE_STANDARD = "gnu++20";
				CLANG_ENABLE_MODULES = YES;
				CLANG_ENABLE_OBJC_ARC = YES;
				CLANG_ENABLE_OBJC_WEAK = YES;
				CLANG_WARN_BLOCK_CAPTURE_AUTORELEASING = YES;
				CLANG_WARN_BOOL_CONVERSION = YES;
				CLANG_WARN_COMMA = YES;
				CLANG_WARN_CONSTANT_CONVERSION = YES;
				CLANG_WARN_DEPRECATED_OBJC_IMPLEMENTATIONS = YES;
				CLANG_WARN_DIRECT_OBJC_ISA_USAGE = YES_ERROR;
				CLANG_WARN_DOCUMENTATION_COMMENTS = YES;
				CLANG_WARN_EMPTY_BODY = YES;
				CLANG_WARN_ENUM_CONVERSION = YES;
				CLANG_WARN_INFINITE_RECURSION = YES;
				CLANG_WARN_INT_CONVERSION = YES;
				CLANG_WARN_NON_LITERAL_NULL_CONVERSION = YES;
				CLANG_WARN_OBJC_IMPLICIT_RETAIN_SELF = YES;
				CLANG_WARN_OBJC_LITERAL_CONVERSION = YES;
				CLANG_WARN_OBJC_ROOT_CLASS = YES_ERROR;
				CLANG_WARN_QUOTED_INCLUDE_IN_FRAMEWORK_HEADER = YES;
				CLANG_WARN_RANGE_LOOP_ANALYSIS = YES;
				CLANG_WARN_STRICT_PROTOTYPES = YES;
				CLANG_WARN_SUSPICIOUS_MOVE = YES;
				CLANG_WARN_UNGUARDED_AVAILABILITY = YES_AGGRESSIVE;
				CLANG_WARN_UNREACHABLE_CODE = YES;
				CLANG_WARN__DUPLICATE_METHOD_MATCH = YES;
				COPY_PHASE_STRIP = NO;
				DEBUG_INFORMATION_FORMAT = "dwarf-with-dsym";
				ENABLE_NS_ASSERTIONS = NO;
				ENABLE_STRICT_OBJC_MSGSEND = YES;
				ENABLE_USER_SCRIPT_SANDBOXING = YES;
				GCC_C_LANGUAGE_STANDARD = gnu17;
				GCC_NO_COMMON_BLOCKS = YES;
				GCC_WARN_64_TO_32_BIT_CONVERSION = YES;
				GCC_WARN_ABOUT_RETURN_TYPE = YES_ERROR;
				GCC_WARN_UNDECLARED_SELECTOR = YES;
				GCC_WARN_UNINITIALIZED_AUTOS = YES_AGGRESSIVE;
				GCC_WARN_UNUSED_FUNCTION = YES;
				GCC_WARN_UNUSED_VARIABLE = YES;
				IPHONEOS_DEPLOYMENT_TARGET = 17.2;
				LOCALIZATION_PREFERS_STRING_CATALOGS = YES;
				MTL_ENABLE_DEBUG_INFO = NO;
				MTL_FAST_MATH = YES;
				SDKROOT = iphoneos;
				SWIFT_COMPILATION_MODE = wholemodule;
				VALIDATE_PRODUCT = YES;
			};
			name = Release;
		};
		4F4F040C2B99890F003B88DF /* Debug */ = {
			isa = XCBuildConfiguration;
			buildSettings = {
				ASSETCATALOG_COMPILER_APPICON_NAME = AppIcon;
				ASSETCATALOG_COMPILER_GLOBAL_ACCENT_COLOR_NAME = AccentColor;
				CODE_SIGN_STYLE = Automatic;
				CURRENT_PROJECT_VERSION = 1;
				DEVELOPMENT_TEAM = HAA376DX53;
				GENERATE_INFOPLIST_FILE = YES;
				INFOPLIST_FILE = LanguageExpress/Info.plist;
				INFOPLIST_KEY_CFBundleDisplayName = "언어급행";
				INFOPLIST_KEY_UIApplicationSupportsIndirectInputEvents = YES;
				INFOPLIST_KEY_UILaunchStoryboardName = LaunchScreen;
				INFOPLIST_KEY_UISupportedInterfaceOrientations = UIInterfaceOrientationPortrait;
				INFOPLIST_KEY_UISupportedInterfaceOrientations_iPad = "UIInterfaceOrientationLandscapeLeft UIInterfaceOrientationLandscapeRight UIInterfaceOrientationPortrait UIInterfaceOrientationPortraitUpsideDown";
				IPHONEOS_DEPLOYMENT_TARGET = 15.0;
				LD_RUNPATH_SEARCH_PATHS = (
					"$(inherited)",
					"@executable_path/Frameworks",
				);
				MARKETING_VERSION = 1.0;
				PRODUCT_BUNDLE_IDENTIFIER = com.heegee.LanguageExpress;
				PRODUCT_NAME = "$(TARGET_NAME)";
				SUPPORTED_PLATFORMS = "iphoneos iphonesimulator";
				SUPPORTS_MACCATALYST = NO;
				SUPPORTS_MAC_DESIGNED_FOR_IPHONE_IPAD = NO;
				SWIFT_EMIT_LOC_STRINGS = YES;
				SWIFT_VERSION = 5.0;
				TARGETED_DEVICE_FAMILY = 1;
			};
			name = Debug;
		};
		4F4F040D2B99890F003B88DF /* Release */ = {
			isa = XCBuildConfiguration;
			buildSettings = {
				ASSETCATALOG_COMPILER_APPICON_NAME = AppIcon;
				ASSETCATALOG_COMPILER_GLOBAL_ACCENT_COLOR_NAME = AccentColor;
				CODE_SIGN_STYLE = Automatic;
				CURRENT_PROJECT_VERSION = 1;
				DEVELOPMENT_TEAM = HAA376DX53;
				GENERATE_INFOPLIST_FILE = YES;
				INFOPLIST_FILE = LanguageExpress/Info.plist;
				INFOPLIST_KEY_CFBundleDisplayName = "언어급행";
				INFOPLIST_KEY_UIApplicationSupportsIndirectInputEvents = YES;
				INFOPLIST_KEY_UILaunchStoryboardName = LaunchScreen;
				INFOPLIST_KEY_UISupportedInterfaceOrientations = UIInterfaceOrientationPortrait;
				INFOPLIST_KEY_UISupportedInterfaceOrientations_iPad = "UIInterfaceOrientationLandscapeLeft UIInterfaceOrientationLandscapeRight UIInterfaceOrientationPortrait UIInterfaceOrientationPortraitUpsideDown";
				IPHONEOS_DEPLOYMENT_TARGET = 15.0;
				LD_RUNPATH_SEARCH_PATHS = (
					"$(inherited)",
					"@executable_path/Frameworks",
				);
				MARKETING_VERSION = 1.0;
				PRODUCT_BUNDLE_IDENTIFIER = com.heegee.LanguageExpress;
				PRODUCT_NAME = "$(TARGET_NAME)";
				SUPPORTED_PLATFORMS = "iphoneos iphonesimulator";
				SUPPORTS_MACCATALYST = NO;
				SUPPORTS_MAC_DESIGNED_FOR_IPHONE_IPAD = NO;
				SWIFT_EMIT_LOC_STRINGS = YES;
				SWIFT_VERSION = 5.0;
				TARGETED_DEVICE_FAMILY = 1;
			};
			name = Release;
		};
/* End XCBuildConfiguration section */

/* Begin XCConfigurationList section */
		4F4F03F22B99890D003B88DF /* Build configuration list for PBXProject "LanguageExpress" */ = {
			isa = XCConfigurationList;
			buildConfigurations = (
				4F4F04092B99890F003B88DF /* Debug */,
				4F4F040A2B99890F003B88DF /* Release */,
			);
			defaultConfigurationIsVisible = 0;
			defaultConfigurationName = Release;
		};
		4F4F040B2B99890F003B88DF /* Build configuration list for PBXNativeTarget "LanguageExpress" */ = {
			isa = XCConfigurationList;
			buildConfigurations = (
				4F4F040C2B99890F003B88DF /* Debug */,
				4F4F040D2B99890F003B88DF /* Release */,
			);
			defaultConfigurationIsVisible = 0;
			defaultConfigurationName = Release;
		};
/* End XCConfigurationList section */

/* Begin XCRemoteSwiftPackageReference section */
		4F69CB5D2BAAA16700319F83 /* XCRemoteSwiftPackageReference "Toast-Swift" */ = {
			isa = XCRemoteSwiftPackageReference;
			repositoryURL = "https://github.com/scalessec/Toast-Swift.git";
			requirement = {
				kind = upToNextMajorVersion;
				minimumVersion = 5.1.0;
			};
		};
		4F69CB732BAB92BA00319F83 /* XCRemoteSwiftPackageReference "Floaty" */ = {
			isa = XCRemoteSwiftPackageReference;
			repositoryURL = "https://github.com/kciter/Floaty.git";
			requirement = {
				branch = master;
				kind = branch;
			};
		};
		4F6EFDF02BA2BA03007B14EC /* XCRemoteSwiftPackageReference "SnapKit" */ = {
			isa = XCRemoteSwiftPackageReference;
			repositoryURL = "https://github.com/SnapKit/SnapKit.git";
			requirement = {
				kind = upToNextMajorVersion;
				minimumVersion = 5.7.1;
			};
		};
		4F6EFDF32BA2BAD2007B14EC /* XCRemoteSwiftPackageReference "realm-swift" */ = {
			isa = XCRemoteSwiftPackageReference;
			repositoryURL = "https://github.com/realm/realm-swift.git";
			requirement = {
				branch = master;
				kind = branch;
			};
		};
/* End XCRemoteSwiftPackageReference section */

/* Begin XCSwiftPackageProductDependency section */
		4F69CB5E2BAAA16700319F83 /* Toast */ = {
			isa = XCSwiftPackageProductDependency;
			package = 4F69CB5D2BAAA16700319F83 /* XCRemoteSwiftPackageReference "Toast-Swift" */;
			productName = Toast;
		};
		4F69CB742BAB92BA00319F83 /* Floaty */ = {
			isa = XCSwiftPackageProductDependency;
			package = 4F69CB732BAB92BA00319F83 /* XCRemoteSwiftPackageReference "Floaty" */;
			productName = Floaty;
		};
		4F6EFDF12BA2BA03007B14EC /* SnapKit */ = {
			isa = XCSwiftPackageProductDependency;
			package = 4F6EFDF02BA2BA03007B14EC /* XCRemoteSwiftPackageReference "SnapKit" */;
			productName = SnapKit;
		};
		4F6EFDF42BA2BAD2007B14EC /* Realm */ = {
			isa = XCSwiftPackageProductDependency;
			package = 4F6EFDF32BA2BAD2007B14EC /* XCRemoteSwiftPackageReference "realm-swift" */;
			productName = Realm;
		};
		4F6EFDF62BA2BAD2007B14EC /* RealmSwift */ = {
			isa = XCSwiftPackageProductDependency;
			package = 4F6EFDF32BA2BAD2007B14EC /* XCRemoteSwiftPackageReference "realm-swift" */;
			productName = RealmSwift;
		};
/* End XCSwiftPackageProductDependency section */
	};
	rootObject = 4F4F03EF2B99890D003B88DF /* Project object */;
}
