// !$*UTF8*$!
{
	archiveVersion = 1;
	classes = {
	};
	objectVersion = 56;
	objects = {

/* Begin PBXBuildFile section */
		4F4F03FB2B99890D003B88DF /* AppDelegate.swift in Sources */ = {isa = PBXBuildFile; fileRef = 4F4F03FA2B99890D003B88DF /* AppDelegate.swift */; };
		4F4F03FD2B99890D003B88DF /* SceneDelegate.swift in Sources */ = {isa = PBXBuildFile; fileRef = 4F4F03FC2B99890D003B88DF /* SceneDelegate.swift */; };
		4F4F04042B99890F003B88DF /* Assets.xcassets in Resources */ = {isa = PBXBuildFile; fileRef = 4F4F04032B99890F003B88DF /* Assets.xcassets */; };
		4F4F04072B99890F003B88DF /* LaunchScreen.storyboard in Resources */ = {isa = PBXBuildFile; fileRef = 4F4F04052B99890F003B88DF /* LaunchScreen.storyboard */; };
		4F6EFDF22BA2BA03007B14EC /* SnapKit in Frameworks */ = {isa = PBXBuildFile; productRef = 4F6EFDF12BA2BA03007B14EC /* SnapKit */; };
		4F6EFDF52BA2BAD2007B14EC /* Realm in Frameworks */ = {isa = PBXBuildFile; productRef = 4F6EFDF42BA2BAD2007B14EC /* Realm */; };
		4F6EFDF72BA2BAD2007B14EC /* RealmSwift in Frameworks */ = {isa = PBXBuildFile; productRef = 4F6EFDF62BA2BAD2007B14EC /* RealmSwift */; };
		4F6EFDFA2BA2BBC0007B14EC /* Tabman in Frameworks */ = {isa = PBXBuildFile; productRef = 4F6EFDF92BA2BBC0007B14EC /* Tabman */; };
		4F6EFE002BA353FC007B14EC /* UIFont+Extension.swift in Sources */ = {isa = PBXBuildFile; fileRef = 4F6EFDFF2BA353FC007B14EC /* UIFont+Extension.swift */; };
		4F6EFE042BA35490007B14EC /* Sejong hospital Bold.otf in Resources */ = {isa = PBXBuildFile; fileRef = 4F6EFE022BA35490007B14EC /* Sejong hospital Bold.otf */; };
		4F6EFE052BA35490007B14EC /* Sejong hospital Light.otf in Resources */ = {isa = PBXBuildFile; fileRef = 4F6EFE032BA35490007B14EC /* Sejong hospital Light.otf */; };
		4F6EFE072BA35D81007B14EC /* UIColor+Extension.swift in Sources */ = {isa = PBXBuildFile; fileRef = 4F6EFE062BA35D81007B14EC /* UIColor+Extension.swift */; };
		4F6EFE0A2BA45AA3007B14EC /* BaseViewController.swift in Sources */ = {isa = PBXBuildFile; fileRef = 4F6EFE092BA45AA3007B14EC /* BaseViewController.swift */; };
		4F6EFE102BA73B29007B14EC /* UINavigationController+Extension.swift in Sources */ = {isa = PBXBuildFile; fileRef = 4F6EFE0F2BA73B29007B14EC /* UINavigationController+Extension.swift */; };
		4F6EFE122BA833E6007B14EC /* PhraseCollectionViewController.swift in Sources */ = {isa = PBXBuildFile; fileRef = 4F6EFE112BA833E6007B14EC /* PhraseCollectionViewController.swift */; };
		4F6EFE162BA8340F007B14EC /* BaseView.swift in Sources */ = {isa = PBXBuildFile; fileRef = 4F6EFE152BA8340F007B14EC /* BaseView.swift */; };
		4F6EFE192BA8346E007B14EC /* PhraseCollectionView.swift in Sources */ = {isa = PBXBuildFile; fileRef = 4F6EFE182BA8346E007B14EC /* PhraseCollectionView.swift */; };
		4F6EFE1C2BA8361C007B14EC /* ViewDrawable.swift in Sources */ = {isa = PBXBuildFile; fileRef = 4F6EFE1B2BA8361C007B14EC /* ViewDrawable.swift */; };
		4F6EFE1E2BA8393A007B14EC /* UICollectionView+Extension.swift in Sources */ = {isa = PBXBuildFile; fileRef = 4F6EFE1D2BA8393A007B14EC /* UICollectionView+Extension.swift */; };
		4F6EFE222BA83B6D007B14EC /* PCCollectionViewCell.swift in Sources */ = {isa = PBXBuildFile; fileRef = 4F6EFE212BA83B6D007B14EC /* PCCollectionViewCell.swift */; };
		4F6EFE242BA90306007B14EC /* UIView+Extension.swift in Sources */ = {isa = PBXBuildFile; fileRef = 4F6EFE232BA90306007B14EC /* UIView+Extension.swift */; };
		4F6EFE312BA95BEE007B14EC /* PhraseCollectionViewModel.swift in Sources */ = {isa = PBXBuildFile; fileRef = 4F6EFE302BA95BEE007B14EC /* PhraseCollectionViewModel.swift */; };
		4F6EFE332BA95C7E007B14EC /* ViewModelAvailable.swift in Sources */ = {isa = PBXBuildFile; fileRef = 4F6EFE322BA95C7E007B14EC /* ViewModelAvailable.swift */; };
		4F6EFE362BA95D21007B14EC /* Observable.swift in Sources */ = {isa = PBXBuildFile; fileRef = 4F6EFE352BA95D21007B14EC /* Observable.swift */; };
		4F6EFE3A2BA96368007B14EC /* Collection.swift in Sources */ = {isa = PBXBuildFile; fileRef = 4F6EFE392BA96368007B14EC /* Collection.swift */; };
		4F6EFE3C2BA964D3007B14EC /* Phrase.swift in Sources */ = {isa = PBXBuildFile; fileRef = 4F6EFE3B2BA964D3007B14EC /* Phrase.swift */; };
		4F6EFE3F2BA96849007B14EC /* StateOfMemorization.swift in Sources */ = {isa = PBXBuildFile; fileRef = 4F6EFE3E2BA96849007B14EC /* StateOfMemorization.swift */; };
		4F6EFE412BA96B98007B14EC /* Tag.swift in Sources */ = {isa = PBXBuildFile; fileRef = 4F6EFE402BA96B98007B14EC /* Tag.swift */; };
		4F6EFE442BA96D53007B14EC /* BaseRepository.swift in Sources */ = {isa = PBXBuildFile; fileRef = 4F6EFE432BA96D53007B14EC /* BaseRepository.swift */; };
		4F6EFE462BA96DF1007B14EC /* CollectionRepository.swift in Sources */ = {isa = PBXBuildFile; fileRef = 4F6EFE452BA96DF1007B14EC /* CollectionRepository.swift */; };
		4F6EFE482BA96E85007B14EC /* RealmManager.swift in Sources */ = {isa = PBXBuildFile; fileRef = 4F6EFE472BA96E85007B14EC /* RealmManager.swift */; };
		4FC4EC472BA0130D004AD6E6 /* VisionKitViewController.swift in Sources */ = {isa = PBXBuildFile; fileRef = 4FC4EC462BA0130D004AD6E6 /* VisionKitViewController.swift */; };
/* End PBXBuildFile section */

/* Begin PBXFileReference section */
		4F4F03F72B99890D003B88DF /* LanguageExpress.app */ = {isa = PBXFileReference; explicitFileType = wrapper.application; includeInIndex = 0; path = LanguageExpress.app; sourceTree = BUILT_PRODUCTS_DIR; };
		4F4F03FA2B99890D003B88DF /* AppDelegate.swift */ = {isa = PBXFileReference; lastKnownFileType = sourcecode.swift; path = AppDelegate.swift; sourceTree = "<group>"; };
		4F4F03FC2B99890D003B88DF /* SceneDelegate.swift */ = {isa = PBXFileReference; lastKnownFileType = sourcecode.swift; path = SceneDelegate.swift; sourceTree = "<group>"; };
		4F4F04032B99890F003B88DF /* Assets.xcassets */ = {isa = PBXFileReference; lastKnownFileType = folder.assetcatalog; path = Assets.xcassets; sourceTree = "<group>"; };
		4F4F04062B99890F003B88DF /* Base */ = {isa = PBXFileReference; lastKnownFileType = file.storyboard; name = Base; path = Base.lproj/LaunchScreen.storyboard; sourceTree = "<group>"; };
		4F4F04082B99890F003B88DF /* Info.plist */ = {isa = PBXFileReference; lastKnownFileType = text.plist.xml; path = Info.plist; sourceTree = "<group>"; };
		4F6EFDFF2BA353FC007B14EC /* UIFont+Extension.swift */ = {isa = PBXFileReference; lastKnownFileType = sourcecode.swift; path = "UIFont+Extension.swift"; sourceTree = "<group>"; };
		4F6EFE022BA35490007B14EC /* Sejong hospital Bold.otf */ = {isa = PBXFileReference; lastKnownFileType = file; path = "Sejong hospital Bold.otf"; sourceTree = "<group>"; };
		4F6EFE032BA35490007B14EC /* Sejong hospital Light.otf */ = {isa = PBXFileReference; lastKnownFileType = file; path = "Sejong hospital Light.otf"; sourceTree = "<group>"; };
		4F6EFE062BA35D81007B14EC /* UIColor+Extension.swift */ = {isa = PBXFileReference; lastKnownFileType = sourcecode.swift; path = "UIColor+Extension.swift"; sourceTree = "<group>"; };
		4F6EFE092BA45AA3007B14EC /* BaseViewController.swift */ = {isa = PBXFileReference; lastKnownFileType = sourcecode.swift; path = BaseViewController.swift; sourceTree = "<group>"; };
		4F6EFE0F2BA73B29007B14EC /* UINavigationController+Extension.swift */ = {isa = PBXFileReference; lastKnownFileType = sourcecode.swift; path = "UINavigationController+Extension.swift"; sourceTree = "<group>"; };
		4F6EFE112BA833E6007B14EC /* PhraseCollectionViewController.swift */ = {isa = PBXFileReference; lastKnownFileType = sourcecode.swift; path = PhraseCollectionViewController.swift; sourceTree = "<group>"; };
		4F6EFE152BA8340F007B14EC /* BaseView.swift */ = {isa = PBXFileReference; lastKnownFileType = sourcecode.swift; path = BaseView.swift; sourceTree = "<group>"; };
		4F6EFE182BA8346E007B14EC /* PhraseCollectionView.swift */ = {isa = PBXFileReference; lastKnownFileType = sourcecode.swift; path = PhraseCollectionView.swift; sourceTree = "<group>"; };
		4F6EFE1B2BA8361C007B14EC /* ViewDrawable.swift */ = {isa = PBXFileReference; lastKnownFileType = sourcecode.swift; path = ViewDrawable.swift; sourceTree = "<group>"; };
		4F6EFE1D2BA8393A007B14EC /* UICollectionView+Extension.swift */ = {isa = PBXFileReference; lastKnownFileType = sourcecode.swift; path = "UICollectionView+Extension.swift"; sourceTree = "<group>"; };
		4F6EFE212BA83B6D007B14EC /* PCCollectionViewCell.swift */ = {isa = PBXFileReference; lastKnownFileType = sourcecode.swift; path = PCCollectionViewCell.swift; sourceTree = "<group>"; };
		4F6EFE232BA90306007B14EC /* UIView+Extension.swift */ = {isa = PBXFileReference; lastKnownFileType = sourcecode.swift; path = "UIView+Extension.swift"; sourceTree = "<group>"; };
		4F6EFE302BA95BEE007B14EC /* PhraseCollectionViewModel.swift */ = {isa = PBXFileReference; lastKnownFileType = sourcecode.swift; path = PhraseCollectionViewModel.swift; sourceTree = "<group>"; };
		4F6EFE322BA95C7E007B14EC /* ViewModelAvailable.swift */ = {isa = PBXFileReference; lastKnownFileType = sourcecode.swift; path = ViewModelAvailable.swift; sourceTree = "<group>"; };
		4F6EFE352BA95D21007B14EC /* Observable.swift */ = {isa = PBXFileReference; lastKnownFileType = sourcecode.swift; path = Observable.swift; sourceTree = "<group>"; };
		4F6EFE392BA96368007B14EC /* Collection.swift */ = {isa = PBXFileReference; lastKnownFileType = sourcecode.swift; path = Collection.swift; sourceTree = "<group>"; };
		4F6EFE3B2BA964D3007B14EC /* Phrase.swift */ = {isa = PBXFileReference; lastKnownFileType = sourcecode.swift; path = Phrase.swift; sourceTree = "<group>"; };
		4F6EFE3E2BA96849007B14EC /* StateOfMemorization.swift */ = {isa = PBXFileReference; lastKnownFileType = sourcecode.swift; path = StateOfMemorization.swift; sourceTree = "<group>"; };
		4F6EFE402BA96B98007B14EC /* Tag.swift */ = {isa = PBXFileReference; lastKnownFileType = sourcecode.swift; path = Tag.swift; sourceTree = "<group>"; };
		4F6EFE432BA96D53007B14EC /* BaseRepository.swift */ = {isa = PBXFileReference; lastKnownFileType = sourcecode.swift; path = BaseRepository.swift; sourceTree = "<group>"; };
		4F6EFE452BA96DF1007B14EC /* CollectionRepository.swift */ = {isa = PBXFileReference; lastKnownFileType = sourcecode.swift; path = CollectionRepository.swift; sourceTree = "<group>"; };
		4F6EFE472BA96E85007B14EC /* RealmManager.swift */ = {isa = PBXFileReference; lastKnownFileType = sourcecode.swift; path = RealmManager.swift; sourceTree = "<group>"; };
		4FC4EC462BA0130D004AD6E6 /* VisionKitViewController.swift */ = {isa = PBXFileReference; lastKnownFileType = sourcecode.swift; path = VisionKitViewController.swift; sourceTree = "<group>"; };
/* End PBXFileReference section */

/* Begin PBXFrameworksBuildPhase section */
		4F4F03F42B99890D003B88DF /* Frameworks */ = {
			isa = PBXFrameworksBuildPhase;
			buildActionMask = 2147483647;
			files = (
				4F6EFDF72BA2BAD2007B14EC /* RealmSwift in Frameworks */,
				4F6EFDFA2BA2BBC0007B14EC /* Tabman in Frameworks */,
				4F6EFDF52BA2BAD2007B14EC /* Realm in Frameworks */,
				4F6EFDF22BA2BA03007B14EC /* SnapKit in Frameworks */,
			);
			runOnlyForDeploymentPostprocessing = 0;
		};
/* End PBXFrameworksBuildPhase section */

/* Begin PBXGroup section */
		4F4F03EE2B99890D003B88DF = {
			isa = PBXGroup;
			children = (
				4F4F03F92B99890D003B88DF /* LanguageExpress */,
				4F4F03F82B99890D003B88DF /* Products */,
			);
			sourceTree = "<group>";
		};
		4F4F03F82B99890D003B88DF /* Products */ = {
			isa = PBXGroup;
			children = (
				4F4F03F72B99890D003B88DF /* LanguageExpress.app */,
			);
			name = Products;
			sourceTree = "<group>";
		};
		4F4F03F92B99890D003B88DF /* LanguageExpress */ = {
			isa = PBXGroup;
			children = (
				4F6EFE3D2BA96808007B14EC /* Enum */,
				4F6EFE372BA9632D007B14EC /* Realm */,
				4F6EFE1A2BA83567007B14EC /* Protocol */,
				4F6EFE0B2BA56553007B14EC /* Domain */,
				4F6EFE082BA45A42007B14EC /* Base */,
				4F6EFE012BA35472007B14EC /* Fonts */,
				4F6EFDFE2BA353EC007B14EC /* Extension */,
				4FC4EC482BA01315004AD6E6 /* Test */,
				4F4F03FA2B99890D003B88DF /* AppDelegate.swift */,
				4F4F03FC2B99890D003B88DF /* SceneDelegate.swift */,
				4F4F04032B99890F003B88DF /* Assets.xcassets */,
				4F4F04052B99890F003B88DF /* LaunchScreen.storyboard */,
				4F4F04082B99890F003B88DF /* Info.plist */,
			);
			path = LanguageExpress;
			sourceTree = "<group>";
		};
		4F6EFDFE2BA353EC007B14EC /* Extension */ = {
			isa = PBXGroup;
			children = (
				4F6EFDFF2BA353FC007B14EC /* UIFont+Extension.swift */,
				4F6EFE062BA35D81007B14EC /* UIColor+Extension.swift */,
				4F6EFE0F2BA73B29007B14EC /* UINavigationController+Extension.swift */,
				4F6EFE1D2BA8393A007B14EC /* UICollectionView+Extension.swift */,
				4F6EFE232BA90306007B14EC /* UIView+Extension.swift */,
			);
			path = Extension;
			sourceTree = "<group>";
		};
		4F6EFE012BA35472007B14EC /* Fonts */ = {
			isa = PBXGroup;
			children = (
				4F6EFE022BA35490007B14EC /* Sejong hospital Bold.otf */,
				4F6EFE032BA35490007B14EC /* Sejong hospital Light.otf */,
			);
			path = Fonts;
			sourceTree = "<group>";
		};
		4F6EFE082BA45A42007B14EC /* Base */ = {
			isa = PBXGroup;
			children = (
				4F6EFE092BA45AA3007B14EC /* BaseViewController.swift */,
				4F6EFE152BA8340F007B14EC /* BaseView.swift */,
			);
			path = Base;
			sourceTree = "<group>";
		};
		4F6EFE0B2BA56553007B14EC /* Domain */ = {
			isa = PBXGroup;
			children = (
				4F6EFE342BA95D19007B14EC /* Common */,
				4F6EFE0C2BA5655A007B14EC /* PhraseCollection */,
			);
			path = Domain;
			sourceTree = "<group>";
		};
		4F6EFE0C2BA5655A007B14EC /* PhraseCollection */ = {
			isa = PBXGroup;
			children = (
				4F6EFE2F2BA95BC0007B14EC /* ViewModel */,
				4F6EFE1F2BA83B44007B14EC /* Cell */,
				4F6EFE172BA83460007B14EC /* View */,
				4F6EFE0D2BA5656D007B14EC /* ViewController */,
			);
			path = PhraseCollection;
			sourceTree = "<group>";
		};
		4F6EFE0D2BA5656D007B14EC /* ViewController */ = {
			isa = PBXGroup;
			children = (
				4F6EFE112BA833E6007B14EC /* PhraseCollectionViewController.swift */,
			);
			path = ViewController;
			sourceTree = "<group>";
		};
		4F6EFE172BA83460007B14EC /* View */ = {
			isa = PBXGroup;
			children = (
				4F6EFE182BA8346E007B14EC /* PhraseCollectionView.swift */,
			);
			path = View;
			sourceTree = "<group>";
		};
		4F6EFE1A2BA83567007B14EC /* Protocol */ = {
			isa = PBXGroup;
			children = (
				4F6EFE1B2BA8361C007B14EC /* ViewDrawable.swift */,
				4F6EFE322BA95C7E007B14EC /* ViewModelAvailable.swift */,
			);
			path = Protocol;
			sourceTree = "<group>";
		};
		4F6EFE1F2BA83B44007B14EC /* Cell */ = {
			isa = PBXGroup;
			children = (
				4F6EFE212BA83B6D007B14EC /* PCCollectionViewCell.swift */,
			);
			path = Cell;
			sourceTree = "<group>";
		};
		4F6EFE2F2BA95BC0007B14EC /* ViewModel */ = {
			isa = PBXGroup;
			children = (
				4F6EFE302BA95BEE007B14EC /* PhraseCollectionViewModel.swift */,
			);
			path = ViewModel;
			sourceTree = "<group>";
		};
		4F6EFE342BA95D19007B14EC /* Common */ = {
			isa = PBXGroup;
			children = (
				4F6EFE352BA95D21007B14EC /* Observable.swift */,
			);
			path = Common;
			sourceTree = "<group>";
		};
		4F6EFE372BA9632D007B14EC /* Realm */ = {
			isa = PBXGroup;
			children = (
				4F6EFE422BA96D46007B14EC /* Repository */,
				4F6EFE382BA96355007B14EC /* Model */,
				4F6EFE472BA96E85007B14EC /* RealmManager.swift */,
			);
			path = Realm;
			sourceTree = "<group>";
		};
		4F6EFE382BA96355007B14EC /* Model */ = {
			isa = PBXGroup;
			children = (
				4F6EFE392BA96368007B14EC /* Collection.swift */,
				4F6EFE3B2BA964D3007B14EC /* Phrase.swift */,
				4F6EFE402BA96B98007B14EC /* Tag.swift */,
			);
			path = Model;
			sourceTree = "<group>";
		};
		4F6EFE3D2BA96808007B14EC /* Enum */ = {
			isa = PBXGroup;
			children = (
				4F6EFE3E2BA96849007B14EC /* StateOfMemorization.swift */,
			);
			path = Enum;
			sourceTree = "<group>";
		};
		4F6EFE422BA96D46007B14EC /* Repository */ = {
			isa = PBXGroup;
			children = (
				4F6EFE432BA96D53007B14EC /* BaseRepository.swift */,
				4F6EFE452BA96DF1007B14EC /* CollectionRepository.swift */,
			);
			path = Repository;
			sourceTree = "<group>";
		};
		4FC4EC482BA01315004AD6E6 /* Test */ = {
			isa = PBXGroup;
			children = (
				4FC4EC462BA0130D004AD6E6 /* VisionKitViewController.swift */,
			);
			path = Test;
			sourceTree = "<group>";
		};
/* End PBXGroup section */

/* Begin PBXNativeTarget section */
		4F4F03F62B99890D003B88DF /* LanguageExpress */ = {
			isa = PBXNativeTarget;
			buildConfigurationList = 4F4F040B2B99890F003B88DF /* Build configuration list for PBXNativeTarget "LanguageExpress" */;
			buildPhases = (
				4F4F03F32B99890D003B88DF /* Sources */,
				4F4F03F42B99890D003B88DF /* Frameworks */,
				4F4F03F52B99890D003B88DF /* Resources */,
			);
			buildRules = (
			);
			dependencies = (
			);
			name = LanguageExpress;
			packageProductDependencies = (
				4F6EFDF12BA2BA03007B14EC /* SnapKit */,
				4F6EFDF42BA2BAD2007B14EC /* Realm */,
				4F6EFDF62BA2BAD2007B14EC /* RealmSwift */,
				4F6EFDF92BA2BBC0007B14EC /* Tabman */,
			);
			productName = LanguageExpress;
			productReference = 4F4F03F72B99890D003B88DF /* LanguageExpress.app */;
			productType = "com.apple.product-type.application";
		};
/* End PBXNativeTarget section */

/* Begin PBXProject section */
		4F4F03EF2B99890D003B88DF /* Project object */ = {
			isa = PBXProject;
			attributes = {
				BuildIndependentTargetsInParallel = 1;
				LastSwiftUpdateCheck = 1510;
				LastUpgradeCheck = 1510;
				TargetAttributes = {
					4F4F03F62B99890D003B88DF = {
						CreatedOnToolsVersion = 15.1;
					};
				};
			};
			buildConfigurationList = 4F4F03F22B99890D003B88DF /* Build configuration list for PBXProject "LanguageExpress" */;
			compatibilityVersion = "Xcode 14.0";
			developmentRegion = en;
			hasScannedForEncodings = 0;
			knownRegions = (
				en,
				Base,
			);
			mainGroup = 4F4F03EE2B99890D003B88DF;
			packageReferences = (
				4F6EFDF02BA2BA03007B14EC /* XCRemoteSwiftPackageReference "SnapKit" */,
				4F6EFDF32BA2BAD2007B14EC /* XCRemoteSwiftPackageReference "realm-swift" */,
				4F6EFDF82BA2BBC0007B14EC /* XCRemoteSwiftPackageReference "Tabman" */,
			);
			productRefGroup = 4F4F03F82B99890D003B88DF /* Products */;
			projectDirPath = "";
			projectRoot = "";
			targets = (
				4F4F03F62B99890D003B88DF /* LanguageExpress */,
			);
		};
/* End PBXProject section */

/* Begin PBXResourcesBuildPhase section */
		4F4F03F52B99890D003B88DF /* Resources */ = {
			isa = PBXResourcesBuildPhase;
			buildActionMask = 2147483647;
			files = (
				4F4F04072B99890F003B88DF /* LaunchScreen.storyboard in Resources */,
				4F4F04042B99890F003B88DF /* Assets.xcassets in Resources */,
				4F6EFE052BA35490007B14EC /* Sejong hospital Light.otf in Resources */,
				4F6EFE042BA35490007B14EC /* Sejong hospital Bold.otf in Resources */,
			);
			runOnlyForDeploymentPostprocessing = 0;
		};
/* End PBXResourcesBuildPhase section */

/* Begin PBXSourcesBuildPhase section */
		4F4F03F32B99890D003B88DF /* Sources */ = {
			isa = PBXSourcesBuildPhase;
			buildActionMask = 2147483647;
			files = (
				4F6EFE332BA95C7E007B14EC /* ViewModelAvailable.swift in Sources */,
				4F6EFE1E2BA8393A007B14EC /* UICollectionView+Extension.swift in Sources */,
				4F4F03FB2B99890D003B88DF /* AppDelegate.swift in Sources */,
				4F6EFE412BA96B98007B14EC /* Tag.swift in Sources */,
				4F6EFE1C2BA8361C007B14EC /* ViewDrawable.swift in Sources */,
				4F4F03FD2B99890D003B88DF /* SceneDelegate.swift in Sources */,
				4F6EFE462BA96DF1007B14EC /* CollectionRepository.swift in Sources */,
				4F6EFE442BA96D53007B14EC /* BaseRepository.swift in Sources */,
				4F6EFE002BA353FC007B14EC /* UIFont+Extension.swift in Sources */,
				4F6EFE222BA83B6D007B14EC /* PCCollectionViewCell.swift in Sources */,
				4FC4EC472BA0130D004AD6E6 /* VisionKitViewController.swift in Sources */,
				4F6EFE192BA8346E007B14EC /* PhraseCollectionView.swift in Sources */,
				4F6EFE3C2BA964D3007B14EC /* Phrase.swift in Sources */,
				4F6EFE3A2BA96368007B14EC /* Collection.swift in Sources */,
				4F6EFE242BA90306007B14EC /* UIView+Extension.swift in Sources */,
				4F6EFE3F2BA96849007B14EC /* StateOfMemorization.swift in Sources */,
				4F6EFE102BA73B29007B14EC /* UINavigationController+Extension.swift in Sources */,
				4F6EFE482BA96E85007B14EC /* RealmManager.swift in Sources */,
				4F6EFE122BA833E6007B14EC /* PhraseCollectionViewController.swift in Sources */,
				4F6EFE362BA95D21007B14EC /* Observable.swift in Sources */,
				4F6EFE162BA8340F007B14EC /* BaseView.swift in Sources */,
				4F6EFE072BA35D81007B14EC /* UIColor+Extension.swift in Sources */,
				4F6EFE0A2BA45AA3007B14EC /* BaseViewController.swift in Sources */,
				4F6EFE312BA95BEE007B14EC /* PhraseCollectionViewModel.swift in Sources */,
			);
			runOnlyForDeploymentPostprocessing = 0;
		};
/* End PBXSourcesBuildPhase section */

/* Begin PBXVariantGroup section */
		4F4F04052B99890F003B88DF /* LaunchScreen.storyboard */ = {
			isa = PBXVariantGroup;
			children = (
				4F4F04062B99890F003B88DF /* Base */,
			);
			name = LaunchScreen.storyboard;
			sourceTree = "<group>";
		};
/* End PBXVariantGroup section */

/* Begin XCBuildConfiguration section */
		4F4F04092B99890F003B88DF /* Debug */ = {
			isa = XCBuildConfiguration;
			buildSettings = {
				ALWAYS_SEARCH_USER_PATHS = NO;
				ASSETCATALOG_COMPILER_GENERATE_SWIFT_ASSET_SYMBOL_EXTENSIONS = YES;
				CLANG_ANALYZER_NONNULL = YES;
				CLANG_ANALYZER_NUMBER_OBJECT_CONVERSION = YES_AGGRESSIVE;
				CLANG_CXX_LANGUAGE_STANDARD = "gnu++20";
				CLANG_ENABLE_MODULES = YES;
				CLANG_ENABLE_OBJC_ARC = YES;
				CLANG_ENABLE_OBJC_WEAK = YES;
				CLANG_WARN_BLOCK_CAPTURE_AUTORELEASING = YES;
				CLANG_WARN_BOOL_CONVERSION = YES;
				CLANG_WARN_COMMA = YES;
				CLANG_WARN_CONSTANT_CONVERSION = YES;
				CLANG_WARN_DEPRECATED_OBJC_IMPLEMENTATIONS = YES;
				CLANG_WARN_DIRECT_OBJC_ISA_USAGE = YES_ERROR;
				CLANG_WARN_DOCUMENTATION_COMMENTS = YES;
				CLANG_WARN_EMPTY_BODY = YES;
				CLANG_WARN_ENUM_CONVERSION = YES;
				CLANG_WARN_INFINITE_RECURSION = YES;
				CLANG_WARN_INT_CONVERSION = YES;
				CLANG_WARN_NON_LITERAL_NULL_CONVERSION = YES;
				CLANG_WARN_OBJC_IMPLICIT_RETAIN_SELF = YES;
				CLANG_WARN_OBJC_LITERAL_CONVERSION = YES;
				CLANG_WARN_OBJC_ROOT_CLASS = YES_ERROR;
				CLANG_WARN_QUOTED_INCLUDE_IN_FRAMEWORK_HEADER = YES;
				CLANG_WARN_RANGE_LOOP_ANALYSIS = YES;
				CLANG_WARN_STRICT_PROTOTYPES = YES;
				CLANG_WARN_SUSPICIOUS_MOVE = YES;
				CLANG_WARN_UNGUARDED_AVAILABILITY = YES_AGGRESSIVE;
				CLANG_WARN_UNREACHABLE_CODE = YES;
				CLANG_WARN__DUPLICATE_METHOD_MATCH = YES;
				COPY_PHASE_STRIP = NO;
				DEBUG_INFORMATION_FORMAT = dwarf;
				ENABLE_STRICT_OBJC_MSGSEND = YES;
				ENABLE_TESTABILITY = YES;
				ENABLE_USER_SCRIPT_SANDBOXING = YES;
				GCC_C_LANGUAGE_STANDARD = gnu17;
				GCC_DYNAMIC_NO_PIC = NO;
				GCC_NO_COMMON_BLOCKS = YES;
				GCC_OPTIMIZATION_LEVEL = 0;
				GCC_PREPROCESSOR_DEFINITIONS = (
					"DEBUG=1",
					"$(inherited)",
				);
				GCC_WARN_64_TO_32_BIT_CONVERSION = YES;
				GCC_WARN_ABOUT_RETURN_TYPE = YES_ERROR;
				GCC_WARN_UNDECLARED_SELECTOR = YES;
				GCC_WARN_UNINITIALIZED_AUTOS = YES_AGGRESSIVE;
				GCC_WARN_UNUSED_FUNCTION = YES;
				GCC_WARN_UNUSED_VARIABLE = YES;
				IPHONEOS_DEPLOYMENT_TARGET = 17.2;
				LOCALIZATION_PREFERS_STRING_CATALOGS = YES;
				MTL_ENABLE_DEBUG_INFO = INCLUDE_SOURCE;
				MTL_FAST_MATH = YES;
				ONLY_ACTIVE_ARCH = YES;
				SDKROOT = iphoneos;
				SWIFT_ACTIVE_COMPILATION_CONDITIONS = "DEBUG $(inherited)";
				SWIFT_OPTIMIZATION_LEVEL = "-Onone";
			};
			name = Debug;
		};
		4F4F040A2B99890F003B88DF /* Release */ = {
			isa = XCBuildConfiguration;
			buildSettings = {
				ALWAYS_SEARCH_USER_PATHS = NO;
				ASSETCATALOG_COMPILER_GENERATE_SWIFT_ASSET_SYMBOL_EXTENSIONS = YES;
				CLANG_ANALYZER_NONNULL = YES;
				CLANG_ANALYZER_NUMBER_OBJECT_CONVERSION = YES_AGGRESSIVE;
				CLANG_CXX_LANGUAGE_STANDARD = "gnu++20";
				CLANG_ENABLE_MODULES = YES;
				CLANG_ENABLE_OBJC_ARC = YES;
				CLANG_ENABLE_OBJC_WEAK = YES;
				CLANG_WARN_BLOCK_CAPTURE_AUTORELEASING = YES;
				CLANG_WARN_BOOL_CONVERSION = YES;
				CLANG_WARN_COMMA = YES;
				CLANG_WARN_CONSTANT_CONVERSION = YES;
				CLANG_WARN_DEPRECATED_OBJC_IMPLEMENTATIONS = YES;
				CLANG_WARN_DIRECT_OBJC_ISA_USAGE = YES_ERROR;
				CLANG_WARN_DOCUMENTATION_COMMENTS = YES;
				CLANG_WARN_EMPTY_BODY = YES;
				CLANG_WARN_ENUM_CONVERSION = YES;
				CLANG_WARN_INFINITE_RECURSION = YES;
				CLANG_WARN_INT_CONVERSION = YES;
				CLANG_WARN_NON_LITERAL_NULL_CONVERSION = YES;
				CLANG_WARN_OBJC_IMPLICIT_RETAIN_SELF = YES;
				CLANG_WARN_OBJC_LITERAL_CONVERSION = YES;
				CLANG_WARN_OBJC_ROOT_CLASS = YES_ERROR;
				CLANG_WARN_QUOTED_INCLUDE_IN_FRAMEWORK_HEADER = YES;
				CLANG_WARN_RANGE_LOOP_ANALYSIS = YES;
				CLANG_WARN_STRICT_PROTOTYPES = YES;
				CLANG_WARN_SUSPICIOUS_MOVE = YES;
				CLANG_WARN_UNGUARDED_AVAILABILITY = YES_AGGRESSIVE;
				CLANG_WARN_UNREACHABLE_CODE = YES;
				CLANG_WARN__DUPLICATE_METHOD_MATCH = YES;
				COPY_PHASE_STRIP = NO;
				DEBUG_INFORMATION_FORMAT = "dwarf-with-dsym";
				ENABLE_NS_ASSERTIONS = NO;
				ENABLE_STRICT_OBJC_MSGSEND = YES;
				ENABLE_USER_SCRIPT_SANDBOXING = YES;
				GCC_C_LANGUAGE_STANDARD = gnu17;
				GCC_NO_COMMON_BLOCKS = YES;
				GCC_WARN_64_TO_32_BIT_CONVERSION = YES;
				GCC_WARN_ABOUT_RETURN_TYPE = YES_ERROR;
				GCC_WARN_UNDECLARED_SELECTOR = YES;
				GCC_WARN_UNINITIALIZED_AUTOS = YES_AGGRESSIVE;
				GCC_WARN_UNUSED_FUNCTION = YES;
				GCC_WARN_UNUSED_VARIABLE = YES;
				IPHONEOS_DEPLOYMENT_TARGET = 17.2;
				LOCALIZATION_PREFERS_STRING_CATALOGS = YES;
				MTL_ENABLE_DEBUG_INFO = NO;
				MTL_FAST_MATH = YES;
				SDKROOT = iphoneos;
				SWIFT_COMPILATION_MODE = wholemodule;
				VALIDATE_PRODUCT = YES;
			};
			name = Release;
		};
		4F4F040C2B99890F003B88DF /* Debug */ = {
			isa = XCBuildConfiguration;
			buildSettings = {
				ASSETCATALOG_COMPILER_APPICON_NAME = AppIcon;
				ASSETCATALOG_COMPILER_GLOBAL_ACCENT_COLOR_NAME = AccentColor;
				CODE_SIGN_STYLE = Automatic;
				CURRENT_PROJECT_VERSION = 1;
				DEVELOPMENT_TEAM = HAA376DX53;
				GENERATE_INFOPLIST_FILE = YES;
				INFOPLIST_FILE = LanguageExpress/Info.plist;
				INFOPLIST_KEY_UIApplicationSupportsIndirectInputEvents = YES;
				INFOPLIST_KEY_UILaunchStoryboardName = LaunchScreen;
				INFOPLIST_KEY_UISupportedInterfaceOrientations_iPad = "UIInterfaceOrientationPortrait UIInterfaceOrientationPortraitUpsideDown UIInterfaceOrientationLandscapeLeft UIInterfaceOrientationLandscapeRight";
				INFOPLIST_KEY_UISupportedInterfaceOrientations_iPhone = "UIInterfaceOrientationPortrait UIInterfaceOrientationLandscapeLeft UIInterfaceOrientationLandscapeRight";
				IPHONEOS_DEPLOYMENT_TARGET = 15.0;
				LD_RUNPATH_SEARCH_PATHS = (
					"$(inherited)",
					"@executable_path/Frameworks",
				);
				MARKETING_VERSION = 1.0;
				PRODUCT_BUNDLE_IDENTIFIER = com.heegee.LanguageExpress;
				PRODUCT_NAME = "$(TARGET_NAME)";
				SUPPORTED_PLATFORMS = "iphoneos iphonesimulator";
				SUPPORTS_MACCATALYST = NO;
				SUPPORTS_MAC_DESIGNED_FOR_IPHONE_IPAD = NO;
				SWIFT_EMIT_LOC_STRINGS = YES;
				SWIFT_VERSION = 5.0;
				TARGETED_DEVICE_FAMILY = 1;
			};
			name = Debug;
		};
		4F4F040D2B99890F003B88DF /* Release */ = {
			isa = XCBuildConfiguration;
			buildSettings = {
				ASSETCATALOG_COMPILER_APPICON_NAME = AppIcon;
				ASSETCATALOG_COMPILER_GLOBAL_ACCENT_COLOR_NAME = AccentColor;
				CODE_SIGN_STYLE = Automatic;
				CURRENT_PROJECT_VERSION = 1;
				DEVELOPMENT_TEAM = HAA376DX53;
				GENERATE_INFOPLIST_FILE = YES;
				INFOPLIST_FILE = LanguageExpress/Info.plist;
				INFOPLIST_KEY_UIApplicationSupportsIndirectInputEvents = YES;
				INFOPLIST_KEY_UILaunchStoryboardName = LaunchScreen;
				INFOPLIST_KEY_UISupportedInterfaceOrientations_iPad = "UIInterfaceOrientationPortrait UIInterfaceOrientationPortraitUpsideDown UIInterfaceOrientationLandscapeLeft UIInterfaceOrientationLandscapeRight";
				INFOPLIST_KEY_UISupportedInterfaceOrientations_iPhone = "UIInterfaceOrientationPortrait UIInterfaceOrientationLandscapeLeft UIInterfaceOrientationLandscapeRight";
				IPHONEOS_DEPLOYMENT_TARGET = 15.0;
				LD_RUNPATH_SEARCH_PATHS = (
					"$(inherited)",
					"@executable_path/Frameworks",
				);
				MARKETING_VERSION = 1.0;
				PRODUCT_BUNDLE_IDENTIFIER = com.heegee.LanguageExpress;
				PRODUCT_NAME = "$(TARGET_NAME)";
				SUPPORTED_PLATFORMS = "iphoneos iphonesimulator";
				SUPPORTS_MACCATALYST = NO;
				SUPPORTS_MAC_DESIGNED_FOR_IPHONE_IPAD = NO;
				SWIFT_EMIT_LOC_STRINGS = YES;
				SWIFT_VERSION = 5.0;
				TARGETED_DEVICE_FAMILY = 1;
			};
			name = Release;
		};
/* End XCBuildConfiguration section */

/* Begin XCConfigurationList section */
		4F4F03F22B99890D003B88DF /* Build configuration list for PBXProject "LanguageExpress" */ = {
			isa = XCConfigurationList;
			buildConfigurations = (
				4F4F04092B99890F003B88DF /* Debug */,
				4F4F040A2B99890F003B88DF /* Release */,
			);
			defaultConfigurationIsVisible = 0;
			defaultConfigurationName = Release;
		};
		4F4F040B2B99890F003B88DF /* Build configuration list for PBXNativeTarget "LanguageExpress" */ = {
			isa = XCConfigurationList;
			buildConfigurations = (
				4F4F040C2B99890F003B88DF /* Debug */,
				4F4F040D2B99890F003B88DF /* Release */,
			);
			defaultConfigurationIsVisible = 0;
			defaultConfigurationName = Release;
		};
/* End XCConfigurationList section */

/* Begin XCRemoteSwiftPackageReference section */
		4F6EFDF02BA2BA03007B14EC /* XCRemoteSwiftPackageReference "SnapKit" */ = {
			isa = XCRemoteSwiftPackageReference;
			repositoryURL = "https://github.com/SnapKit/SnapKit.git";
			requirement = {
				kind = upToNextMajorVersion;
				minimumVersion = 5.7.1;
			};
		};
		4F6EFDF32BA2BAD2007B14EC /* XCRemoteSwiftPackageReference "realm-swift" */ = {
			isa = XCRemoteSwiftPackageReference;
			repositoryURL = "https://github.com/realm/realm-swift.git";
			requirement = {
				branch = master;
				kind = branch;
			};
		};
		4F6EFDF82BA2BBC0007B14EC /* XCRemoteSwiftPackageReference "Tabman" */ = {
			isa = XCRemoteSwiftPackageReference;
			repositoryURL = "https://github.com/uias/Tabman.git";
			requirement = {
				kind = upToNextMajorVersion;
				minimumVersion = 3.0.2;
			};
		};
/* End XCRemoteSwiftPackageReference section */

/* Begin XCSwiftPackageProductDependency section */
		4F6EFDF12BA2BA03007B14EC /* SnapKit */ = {
			isa = XCSwiftPackageProductDependency;
			package = 4F6EFDF02BA2BA03007B14EC /* XCRemoteSwiftPackageReference "SnapKit" */;
			productName = SnapKit;
		};
		4F6EFDF42BA2BAD2007B14EC /* Realm */ = {
			isa = XCSwiftPackageProductDependency;
			package = 4F6EFDF32BA2BAD2007B14EC /* XCRemoteSwiftPackageReference "realm-swift" */;
			productName = Realm;
		};
		4F6EFDF62BA2BAD2007B14EC /* RealmSwift */ = {
			isa = XCSwiftPackageProductDependency;
			package = 4F6EFDF32BA2BAD2007B14EC /* XCRemoteSwiftPackageReference "realm-swift" */;
			productName = RealmSwift;
		};
		4F6EFDF92BA2BBC0007B14EC /* Tabman */ = {
			isa = XCSwiftPackageProductDependency;
			package = 4F6EFDF82BA2BBC0007B14EC /* XCRemoteSwiftPackageReference "Tabman" */;
			productName = Tabman;
		};
/* End XCSwiftPackageProductDependency section */
	};
	rootObject = 4F4F03EF2B99890D003B88DF /* Project object */;
}
